{
  "lockfileVersion": 1,
  "configVersion": 1,
  "workspaces": {
    "": {
      "name": "maple",
      "devDependencies": {
        "@socketsecurity/bun-security-scanner": "1.1.2",
      },
    },
  },
  "packages": {
    "@socketsecurity/bun-security-scanner": ["@socketsecurity/bun-security-scanner@1.1.2", "", {}, "sha512-TdsAg6SMolubyZ6HfIjLWlANfHvhV6i7pdWof4OQ33zPEwXJm2ilA755levHMR618MKq22+06Ag8efiVKowxqA=="],
  }
}
