<?xml version="1.0" encoding="UTF-8"?>
<Scheme
   LastUpgradeVersion = "2640"
   version = "1.7">
   <BuildAction
      parallelizeBuildables = "YES"
      buildImplicitDependencies = "YES"
      buildArchitectures = "Automatic">
      <PreActions>
         <ExecutionAction
            ActionType = "Xcode.IDEStandardExecutionActionsCore.ExecutionActionType.ShellScriptAction">
            <ActionContent
               title = "Build RawPipeline.xcframework if stale"
               scriptText = "# #2375 / #3195: MapleCore (a package dependency) compiles BEFORE the app&#10;# target&apos;s &quot;Build Rust xcframework&quot; phase, so a stale xcframework has to be&#10;# repaired here, ahead of the build, not merely detected. Fast hash no-op when&#10;# the stamp matches; same profile rule as the build phase. Failing here surfaces&#10;# the script&apos;s own error instead of a confusing MapleCore compile error.&#10;if bash &quot;${SRCROOT}/scripts/build-xcframework.sh&quot; --check-only &gt;/dev/null 2&gt;&amp;1; then exit 0; fi&#10;echo &quot;==&gt; RawPipeline.xcframework is stale; rebuilding before MapleCore compiles (#3195)&quot;&#10;if [ &quot;${CONFIGURATION:-}&quot; = &quot;Release&quot; ]; then&#10;  bash &quot;${SRCROOT}/scripts/build-xcframework.sh&quot; --release&#10;else&#10;  bash &quot;${SRCROOT}/scripts/build-xcframework.sh&quot;&#10;fi&#10;">
               <EnvironmentBuildable>
                  <BuildableReference
                     BuildableIdentifier = "primary"
                     BlueprintIdentifier = "A1F0001000000000000000A1"
                     BuildableName = "Maple Exposure.app"
                     BlueprintName = "Maple Exposure"
                     ReferencedContainer = "container:Maple.xcodeproj">
                  </BuildableReference>
               </EnvironmentBuildable>
            </ActionContent>
         </ExecutionAction>
      </PreActions>
      <BuildActionEntries>
         <BuildActionEntry
            buildForTesting = "YES"
            buildForRunning = "YES"
            buildForProfiling = "YES"
            buildForArchiving = "YES"
            buildForAnalyzing = "YES">
            <BuildableReference
               BuildableIdentifier = "primary"
               BlueprintIdentifier = "A1F0001000000000000000A1"
               BuildableName = "Maple Exposure.app"
               BlueprintName = "Maple Exposure"
               ReferencedContainer = "container:Maple.xcodeproj">
            </BuildableReference>
         </BuildActionEntry>
      </BuildActionEntries>
   </BuildAction>
   <TestAction
      buildConfiguration = "Debug"
      selectedDebuggerIdentifier = "Xcode.DebuggerFoundation.Debugger.LLDB"
      selectedLauncherIdentifier = "Xcode.DebuggerFoundation.Launcher.LLDB"
      shouldUseLaunchSchemeArgsEnv = "NO"
      shouldAutocreateTestPlan = "YES">
      <EnvironmentVariables>
         <!-- #2366: these must carry the TEST_RUNNER_ prefix to reach the
              XCUITest runner process (MapleAppDriver.fixtureRoot() /
              GoldenStore.goldensRoot() both read ProcessInfo INSIDE the
              runner, a separate process from the app under test — plain
              keys here only ever reached an app that isn't even the one
              reading them). shouldUseLaunchSchemeArgsEnv is NO so this
              block — not LaunchAction's — is the one Xcode actually
              consults for test runs; MAPLE_PROFILE is duplicated below to
              preserve the same app-launch behavior on Test that Run has. -->
         <EnvironmentVariable
            key = "TEST_RUNNER_MAPLE_UITEST_FIXTURE_ROOT"
            value = "$(PROJECT_DIR)/../../test-fixtures/raws"
            isEnabled = "YES">
         </EnvironmentVariable>
         <EnvironmentVariable
            key = "TEST_RUNNER_MAPLE_UITEST_GOLDENS_ROOT"
            value = "$(PROJECT_DIR)/MapleUITests/Goldens"
            isEnabled = "YES">
         </EnvironmentVariable>
         <EnvironmentVariable
            key = "MAPLE_PROFILE"
            value = "1"
            isEnabled = "YES">
         </EnvironmentVariable>
      </EnvironmentVariables>
      <Testables>
         <TestableReference
            skipped = "NO"
            parallelizable = "YES">
            <BuildableReference
               BuildableIdentifier = "primary"
               BlueprintIdentifier = "A1F0001400000000000000A1"
               BuildableName = "MapleTests.xctest"
               BlueprintName = "MapleTests"
               ReferencedContainer = "container:Maple.xcodeproj">
            </BuildableReference>
         </TestableReference>
         <TestableReference
            skipped = "NO"
            parallelizable = "YES">
            <BuildableReference
               BuildableIdentifier = "primary"
               BlueprintIdentifier = "A1F0006500000000000000A1"
               BuildableName = "MapleUITests.xctest"
               BlueprintName = "MapleUITests"
               ReferencedContainer = "container:Maple.xcodeproj">
            </BuildableReference>
         </TestableReference>
      </Testables>
   </TestAction>
   <LaunchAction
      buildConfiguration = "Debug"
      selectedDebuggerIdentifier = "Xcode.DebuggerFoundation.Debugger.LLDB"
      selectedLauncherIdentifier = "Xcode.DebuggerFoundation.Launcher.LLDB"
      launchStyle = "0"
      useCustomWorkingDirectory = "NO"
      ignoresPersistentStateOnLaunch = "NO"
      debugDocumentVersioning = "YES"
      debugServiceExtension = "internal"
      allowLocationSimulation = "YES"
      queueDebuggingEnableBacktraceRecording = "Yes">
      <BuildableProductRunnable
         runnableDebuggingMode = "0">
         <BuildableReference
            BuildableIdentifier = "primary"
            BlueprintIdentifier = "A1F0001000000000000000A1"
            BuildableName = "Maple Exposure.app"
            BlueprintName = "Maple Exposure"
            ReferencedContainer = "container:Maple.xcodeproj">
         </BuildableReference>
      </BuildableProductRunnable>
      <EnvironmentVariables>
         <EnvironmentVariable
            key = "MAPLE_PROFILE"
            value = "1"
            isEnabled = "YES">
         </EnvironmentVariable>
      </EnvironmentVariables>
   </LaunchAction>
   <ProfileAction
      buildConfiguration = "Release"
      shouldUseLaunchSchemeArgsEnv = "YES"
      savedToolIdentifier = ""
      useCustomWorkingDirectory = "NO"
      debugDocumentVersioning = "YES">
      <BuildableProductRunnable
         runnableDebuggingMode = "0">
         <BuildableReference
            BuildableIdentifier = "primary"
            BlueprintIdentifier = "A1F0001000000000000000A1"
            BuildableName = "Maple Exposure.app"
            BlueprintName = "Maple Exposure"
            ReferencedContainer = "container:Maple.xcodeproj">
         </BuildableReference>
      </BuildableProductRunnable>
   </ProfileAction>
   <AnalyzeAction
      buildConfiguration = "Debug">
   </AnalyzeAction>
   <ArchiveAction
      buildConfiguration = "Release"
      revealArchiveInOrganizer = "YES">
   </ArchiveAction>
</Scheme>
