// !$*UTF8*$!
{
	archiveVersion = 1;
	classes = {
	};
	objectVersion = 77;
	objects = {

/* Begin PBXBuildFile section */
		0718A582AE0357D1850C8A3F /* FileProviderExtensionIOS.swift in Sources */ = {isa = PBXBuildFile; fileRef = E3A022FD8D059C9A3053CC6A /* FileProviderExtensionIOS.swift */; };
		0E43AF9C39E0B84EEA3D136E /* MapleCore in Frameworks */ = {isa = PBXBuildFile; productRef = F06000F4EB1B951071886262 /* MapleCore */; };
		5DD5171E450EC883D7DBD9AF /* MaplePreviewProvider.swift in Sources */ = {isa = PBXBuildFile; fileRef = 368C4388B923E485F1FB55F8 /* MaplePreviewProvider.swift */; };
		68887492F6CA34B96DFB3128 /* QuickLook.framework in Frameworks */ = {isa = PBXBuildFile; fileRef = 385F03E7203135D6A8D4C07C /* QuickLook.framework */; };
		6C9708A35CBAAEC728E0C92B /* MapleCore in Frameworks */ = {isa = PBXBuildFile; productRef = AD2BAC138F82299C19BFC9C5 /* MapleCore */; };
		8D33FBC64B990E9B2542DF58 /* MapleCore in Frameworks */ = {isa = PBXBuildFile; productRef = 07D7B596343161F1A66BD85A /* MapleCore */; };
		90B84E91D77C641B60A348DA /* FileProvider.framework in Frameworks */ = {isa = PBXBuildFile; fileRef = E471E86FF6276852A3960D14 /* FileProvider.framework */; };
		9913DE4AB2F2AFC8674F57C0 /* FileProviderExtension.swift in Sources */ = {isa = PBXBuildFile; fileRef = 9CA678A9D2E0D47F2A861CC6 /* FileProviderExtension.swift */; };
		A1F0000100000000000000A1 /* MapleCore in Frameworks */ = {isa = PBXBuildFile; productRef = A1F0000200000000000000A1 /* MapleCore */; };
		A1F0000300000000000000A1 /* RawPipeline.xcframework in Frameworks */ = {isa = PBXBuildFile; fileRef = A1F0000400000000000000A1 /* RawPipeline.xcframework */; };
		B8FE7E2DDA6B10D25A18085C /* RawPipeline.xcframework in Frameworks */ = {isa = PBXBuildFile; fileRef = A1F0000400000000000000A1 /* RawPipeline.xcframework */; };
		BF306371601D933BE6ECCBEF /* FileProvider.framework in Frameworks */ = {isa = PBXBuildFile; fileRef = E471E86FF6276852A3960D14 /* FileProvider.framework */; };
		C0D28215847FC19B22E663BC /* MapleFileProvider.appex in Embed Foundation Extensions */ = {isa = PBXBuildFile; fileRef = EC6472D425AC44A1388478EF /* MapleFileProvider.appex */; platformFilters = (macos, ); settings = {ATTRIBUTES = (RemoveHeadersOnCopy, ); }; };
		CD96B6E04439562F54AD13B8 /* MapleQuickLook.appex in Embed Foundation Extensions */ = {isa = PBXBuildFile; fileRef = 443236A672080511BD1FC170 /* MapleQuickLook.appex */; platformFilters = (macos, ); settings = {ATTRIBUTES = (RemoveHeadersOnCopy, ); }; };
		CF1A2B3D4E5F6A7B8C9D0E1F /* RawPipeline.xcframework in Frameworks */ = {isa = PBXBuildFile; fileRef = A1F0000400000000000000A1 /* RawPipeline.xcframework */; };
		D681B5B31AAF3A2CEA529EAE /* MapleFileProviderIOS.appex in Embed Foundation Extensions */ = {isa = PBXBuildFile; fileRef = 521B6F9B85049DBA00FD7C56 /* MapleFileProviderIOS.appex */; platformFilter = ios; settings = {ATTRIBUTES = (RemoveHeadersOnCopy, ); }; };
		E3DD948B2FB50EB9009392B4 /* MapleCore in Frameworks */ = {isa = PBXBuildFile; productRef = E3DD948A2FB50EB9009392B4 /* MapleCore */; };
		E3DD948E2FB51A67009392B4 /* MapleBackup in Frameworks */ = {isa = PBXBuildFile; productRef = E3DD948D2FB51A67009392B4 /* MapleBackup */; };
		E3DD94902FB55723009392B4 /* MapleBackup in Frameworks */ = {isa = PBXBuildFile; productRef = E3DD948F2FB55723009392B4 /* MapleBackup */; };
		EBA6500530BFEA35449C6FE3 /* QuickLookUI.framework in Frameworks */ = {isa = PBXBuildFile; fileRef = 0D23B0EDD7DF1B168C777B68 /* QuickLookUI.framework */; };
		E3DD94D12FB50E55009392B4 /* LaunchScreen.storyboard in Resources */ = {isa = PBXBuildFile; fileRef = E3DD94D02FB50E55009392B4 /* LaunchScreen.storyboard */; platformFilters = (ios, ); };
		A11A00010000000000000905 /* PhotoKitAssetReader.swift in Sources */ = {isa = PBXBuildFile; fileRef = A11A00020000000000000905 /* PhotoKitAssetReader.swift */; };
/* End PBXBuildFile section */

/* Begin PBXContainerItemProxy section */
		6C0BF6B7E85D714F2FFABA55 /* PBXContainerItemProxy */ = {
			isa = PBXContainerItemProxy;
			containerPortal = A1F0001A00000000000000A1 /* Project object */;
			proxyType = 1;
			remoteGlobalIDString = 246E80A8F95722377C731777;
			remoteInfo = MapleFileProviderIOS;
		};
		A1F0006900000000000000A1 /* PBXContainerItemProxy */ = {
			isa = PBXContainerItemProxy;
			containerPortal = A1F0001A00000000000000A1 /* Project object */;
			proxyType = 1;
			remoteGlobalIDString = A1F0001000000000000000A1;
			remoteInfo = Maple;
		};
		B52A919217EDFA9852CD4A11 /* PBXContainerItemProxy */ = {
			isa = PBXContainerItemProxy;
			containerPortal = A1F0001A00000000000000A1 /* Project object */;
			proxyType = 1;
			remoteGlobalIDString = FBF9A9CA395B79B5F88F2B88;
			remoteInfo = MapleFileProvider;
		};
		E378533E2F9AC54F00BDF307 /* PBXContainerItemProxy */ = {
			isa = PBXContainerItemProxy;
			containerPortal = A1F0001A00000000000000A1 /* Project object */;
			proxyType = 1;
			remoteGlobalIDString = A1F0001000000000000000A1;
			remoteInfo = Maple;
		};
		EF2E9A12C37DAF0EAAA3261E /* PBXContainerItemProxy */ = {
			isa = PBXContainerItemProxy;
			containerPortal = A1F0001A00000000000000A1 /* Project object */;
			proxyType = 1;
			remoteGlobalIDString = 2B0A1BC438B6D017026535AE;
			remoteInfo = MapleQuickLook;
		};
/* End PBXContainerItemProxy section */

/* Begin PBXCopyFilesBuildPhase section */
		BAD237F2A91BD12FDAF04E36 /* Embed Foundation Extensions */ = {
			isa = PBXCopyFilesBuildPhase;
			buildActionMask = 2147483647;
			dstPath = "";
			dstSubfolderSpec = 13;
			files = (
				C0D28215847FC19B22E663BC /* MapleFileProvider.appex in Embed Foundation Extensions */,
				CD96B6E04439562F54AD13B8 /* MapleQuickLook.appex in Embed Foundation Extensions */,
				D681B5B31AAF3A2CEA529EAE /* MapleFileProviderIOS.appex in Embed Foundation Extensions */,
			);
			name = "Embed Foundation Extensions";
			runOnlyForDeploymentPostprocessing = 0;
		};
		E3DD94812FB50E55009392B4 /* CopyFiles */ = {
			isa = PBXCopyFilesBuildPhase;
			buildActionMask = 2147483647;
			dstPath = /usr/share/man/man1/;
			dstSubfolderSpec = 0;
			files = (
			);
			runOnlyForDeploymentPostprocessing = 1;
		};
/* End PBXCopyFilesBuildPhase section */

/* Begin PBXFileReference section */
		0D23B0EDD7DF1B168C777B68 /* QuickLookUI.framework */ = {isa = PBXFileReference; lastKnownFileType = wrapper.framework; name = QuickLookUI.framework; path = System/Library/Frameworks/QuickLookUI.framework; sourceTree = SDKROOT; };
		368C4388B923E485F1FB55F8 /* MaplePreviewProvider.swift */ = {isa = PBXFileReference; includeInIndex = 1; lastKnownFileType = sourcecode.swift; path = MaplePreviewProvider.swift; sourceTree = "<group>"; };
		385F03E7203135D6A8D4C07C /* QuickLook.framework */ = {isa = PBXFileReference; lastKnownFileType = wrapper.framework; name = QuickLook.framework; path = System/Library/Frameworks/QuickLook.framework; sourceTree = SDKROOT; };
		443236A672080511BD1FC170 /* MapleQuickLook.appex */ = {isa = PBXFileReference; explicitFileType = "wrapper.app-extension"; includeInIndex = 0; path = MapleQuickLook.appex; sourceTree = BUILT_PRODUCTS_DIR; };
		521B6F9B85049DBA00FD7C56 /* MapleFileProviderIOS.appex */ = {isa = PBXFileReference; explicitFileType = "wrapper.app-extension"; includeInIndex = 0; path = MapleFileProviderIOS.appex; sourceTree = BUILT_PRODUCTS_DIR; };
		60914AF0B51BBB56CCEFD8E3 /* MapleFileProviderIOS.entitlements */ = {isa = PBXFileReference; includeInIndex = 1; lastKnownFileType = text.plist.entitlements; path = MapleFileProviderIOS.entitlements; sourceTree = "<group>"; };
		9AC3CD62F8F6DA8F9505341F /* Info.plist */ = {isa = PBXFileReference; includeInIndex = 1; lastKnownFileType = text.plist.xml; path = Info.plist; sourceTree = "<group>"; };
		9CA678A9D2E0D47F2A861CC6 /* FileProviderExtension.swift */ = {isa = PBXFileReference; includeInIndex = 1; lastKnownFileType = sourcecode.swift; path = FileProviderExtension.swift; sourceTree = "<group>"; };
		A1F0000400000000000000A1 /* RawPipeline.xcframework */ = {isa = PBXFileReference; lastKnownFileType = wrapper.xcframework; name = RawPipeline.xcframework; path = Frameworks/RawPipeline.xcframework; sourceTree = "<group>"; };
		A1F0000700000000000000A1 /* Maple Exposure.app */ = {isa = PBXFileReference; explicitFileType = wrapper.application; includeInIndex = 0; path = "Maple Exposure.app"; sourceTree = BUILT_PRODUCTS_DIR; };
		A1F0000800000000000000A1 /* MapleTests.xctest */ = {isa = PBXFileReference; explicitFileType = wrapper.cfbundle; includeInIndex = 0; path = MapleTests.xctest; sourceTree = BUILT_PRODUCTS_DIR; };
		A1F0006000000000000000A1 /* MapleUITests.xctest */ = {isa = PBXFileReference; explicitFileType = wrapper.cfbundle; includeInIndex = 0; path = MapleUITests.xctest; sourceTree = BUILT_PRODUCTS_DIR; };
		A8BB8561B7CB78D59F7D1DDC /* Info.plist */ = {isa = PBXFileReference; includeInIndex = 1; lastKnownFileType = text.plist.xml; path = Info.plist; sourceTree = "<group>"; };
		BA39B6A9245FA00D972845C6 /* MapleFileProvider.entitlements */ = {isa = PBXFileReference; includeInIndex = 1; lastKnownFileType = text.plist.entitlements; path = MapleFileProvider.entitlements; sourceTree = "<group>"; };
		C311E84456147F8B58D53877 /* Info.plist */ = {isa = PBXFileReference; includeInIndex = 1; lastKnownFileType = text.plist.xml; path = Info.plist; sourceTree = "<group>"; };
		D297F45123C9B9F4FF4AC24F /* MapleQuickLook.entitlements */ = {isa = PBXFileReference; includeInIndex = 1; lastKnownFileType = text.plist.entitlements; path = MapleQuickLook.entitlements; sourceTree = "<group>"; };
		E3A022FD8D059C9A3053CC6A /* FileProviderExtensionIOS.swift */ = {isa = PBXFileReference; includeInIndex = 1; lastKnownFileType = sourcecode.swift; path = FileProviderExtensionIOS.swift; sourceTree = "<group>"; };
		E3DD94832FB50E55009392B4 /* MapleBackupAgent */ = {isa = PBXFileReference; explicitFileType = "compiled.mach-o.executable"; includeInIndex = 0; path = MapleBackupAgent; sourceTree = BUILT_PRODUCTS_DIR; };
		E471E86FF6276852A3960D14 /* FileProvider.framework */ = {isa = PBXFileReference; lastKnownFileType = wrapper.framework; name = FileProvider.framework; path = System/Library/Frameworks/FileProvider.framework; sourceTree = SDKROOT; };
		EC6472D425AC44A1388478EF /* MapleFileProvider.appex */ = {isa = PBXFileReference; explicitFileType = "wrapper.app-extension"; includeInIndex = 0; path = MapleFileProvider.appex; sourceTree = BUILT_PRODUCTS_DIR; };
		E3DD94D02FB50E55009392B4 /* LaunchScreen.storyboard */ = {isa = PBXFileReference; lastKnownFileType = file.storyboard; path = LaunchScreen.storyboard; sourceTree = "<group>"; };
		A11A00020000000000000905 /* PhotoKitAssetReader.swift */ = {isa = PBXFileReference; lastKnownFileType = sourcecode.swift; path = Maple/Backup/PhotoKitAssetReader.swift; sourceTree = SOURCE_ROOT; };
/* End PBXFileReference section */

/* Begin PBXFileSystemSynchronizedRootGroup section */
		A1F0000900000000000000A1 /* Maple */ = {
			isa = PBXFileSystemSynchronizedRootGroup;
			path = Maple;
			sourceTree = "<group>";
		};
		A1F0006100000000000000A1 /* MapleUITests */ = {
			isa = PBXFileSystemSynchronizedRootGroup;
			path = MapleUITests;
			sourceTree = "<group>";
		};
		A1F0006B00000000000000A1 /* MapleTests */ = {
			isa = PBXFileSystemSynchronizedRootGroup;
			path = MapleTests;
			sourceTree = "<group>";
		};
		E3DD94842FB50E55009392B4 /* MapleBackupAgent */ = {
			isa = PBXFileSystemSynchronizedRootGroup;
			path = MapleBackupAgent;
			sourceTree = "<group>";
		};
/* End PBXFileSystemSynchronizedRootGroup section */

/* Begin PBXFrameworksBuildPhase section */
		1DFD3B39545196D0B3A59374 /* Frameworks */ = {
			isa = PBXFrameworksBuildPhase;
			buildActionMask = 2147483647;
			files = (
				BF306371601D933BE6ECCBEF /* FileProvider.framework in Frameworks */,
				8D33FBC64B990E9B2542DF58 /* MapleCore in Frameworks */,
				B8FE7E2DDA6B10D25A18085C /* RawPipeline.xcframework in Frameworks */,
			);
			runOnlyForDeploymentPostprocessing = 0;
		};
		2890B469768FC18875DCCBBC /* Frameworks */ = {
			isa = PBXFrameworksBuildPhase;
			buildActionMask = 2147483647;
			files = (
				68887492F6CA34B96DFB3128 /* QuickLook.framework in Frameworks */,
				EBA6500530BFEA35449C6FE3 /* QuickLookUI.framework in Frameworks */,
				0E43AF9C39E0B84EEA3D136E /* MapleCore in Frameworks */,
			);
			runOnlyForDeploymentPostprocessing = 0;
		};
		5E92E2B9757DC6AA8F25362E /* Frameworks */ = {
			isa = PBXFrameworksBuildPhase;
			buildActionMask = 2147483647;
			files = (
				6C9708A35CBAAEC728E0C92B /* MapleCore in Frameworks */,
				90B84E91D77C641B60A348DA /* FileProvider.framework in Frameworks */,
			);
			runOnlyForDeploymentPostprocessing = 0;
		};
		A1F0000A00000000000000A1 /* Frameworks */ = {
			isa = PBXFrameworksBuildPhase;
			buildActionMask = 2147483647;
			files = (
				E3DD94902FB55723009392B4 /* MapleBackup in Frameworks */,
				A1F0000300000000000000A1 /* RawPipeline.xcframework in Frameworks */,
				A1F0000100000000000000A1 /* MapleCore in Frameworks */,
			);
			runOnlyForDeploymentPostprocessing = 0;
		};
		A1F0000B00000000000000A1 /* Frameworks */ = {
			isa = PBXFrameworksBuildPhase;
			buildActionMask = 2147483647;
			files = (
			);
			runOnlyForDeploymentPostprocessing = 0;
		};
		A1F0006200000000000000A1 /* Frameworks */ = {
			isa = PBXFrameworksBuildPhase;
			buildActionMask = 2147483647;
			files = (
				CF1A2B3D4E5F6A7B8C9D0E1F /* RawPipeline.xcframework in Frameworks */,
			);
			runOnlyForDeploymentPostprocessing = 0;
		};
		E3DD94802FB50E55009392B4 /* Frameworks */ = {
			isa = PBXFrameworksBuildPhase;
			buildActionMask = 2147483647;
			files = (
				E3DD948E2FB51A67009392B4 /* MapleBackup in Frameworks */,
				E3DD948B2FB50EB9009392B4 /* MapleCore in Frameworks */,
			);
			runOnlyForDeploymentPostprocessing = 0;
		};
/* End PBXFrameworksBuildPhase section */

/* Begin PBXGroup section */
		1FA097CDA4E5254F25DD49BA /* MapleFileProviderIOS */ = {
			isa = PBXGroup;
			children = (
				E3A022FD8D059C9A3053CC6A /* FileProviderExtensionIOS.swift */,
				9AC3CD62F8F6DA8F9505341F /* Info.plist */,
				60914AF0B51BBB56CCEFD8E3 /* MapleFileProviderIOS.entitlements */,
			);
			path = MapleFileProviderIOS;
			sourceTree = "<group>";
		};
		21221CD5764C20C661DA70B2 /* OS X */ = {
			isa = PBXGroup;
			children = (
			);
			name = "OS X";
			sourceTree = "<group>";
		};
		36C4F60DCF06B9D3E5F1ECE8 /* iOS */ = {
			isa = PBXGroup;
			children = (
			);
			name = iOS;
			sourceTree = "<group>";
		};
		698028BF3FB094189B51F71F /* MapleQuickLook */ = {
			isa = PBXGroup;
			children = (
				368C4388B923E485F1FB55F8 /* MaplePreviewProvider.swift */,
				C311E84456147F8B58D53877 /* Info.plist */,
				D297F45123C9B9F4FF4AC24F /* MapleQuickLook.entitlements */,
			);
			path = MapleQuickLook;
			sourceTree = "<group>";
		};
		A1F0000C00000000000000A1 = {
			isa = PBXGroup;
			children = (
				A1F0000900000000000000A1 /* Maple */,
				A1F0000D00000000000000A1 /* Packages */,
				E3DD94842FB50E55009392B4 /* MapleBackupAgent */,
				A1F0000E00000000000000A1 /* Frameworks */,
				A1F0000F00000000000000A1 /* Products */,
				E3FF1B052F9D8CE600FD7E5E /* Recovered References */,
				B119715AB39081A63317BE96 /* MapleFileProvider */,
				698028BF3FB094189B51F71F /* MapleQuickLook */,
				1FA097CDA4E5254F25DD49BA /* MapleFileProviderIOS */,
				E3DD94D02FB50E55009392B4 /* LaunchScreen.storyboard */,
			);
			sourceTree = "<group>";
		};
		A1F0000D00000000000000A1 /* Packages */ = {
			isa = PBXGroup;
			children = (
			);
			path = Packages;
			sourceTree = "<group>";
		};
		A1F0000E00000000000000A1 /* Frameworks */ = {
			isa = PBXGroup;
			children = (
				A1F0000400000000000000A1 /* RawPipeline.xcframework */,
				21221CD5764C20C661DA70B2 /* OS X */,
				E471E86FF6276852A3960D14 /* FileProvider.framework */,
				385F03E7203135D6A8D4C07C /* QuickLook.framework */,
				0D23B0EDD7DF1B168C777B68 /* QuickLookUI.framework */,
				36C4F60DCF06B9D3E5F1ECE8 /* iOS */,
			);
			name = Frameworks;
			sourceTree = "<group>";
		};
		A1F0000F00000000000000A1 /* Products */ = {
			isa = PBXGroup;
			children = (
				A1F0000700000000000000A1 /* Maple Exposure.app */,
				A1F0000800000000000000A1 /* MapleTests.xctest */,
				A1F0006000000000000000A1 /* MapleUITests.xctest */,
				E3DD94832FB50E55009392B4 /* MapleBackupAgent */,
				EC6472D425AC44A1388478EF /* MapleFileProvider.appex */,
				443236A672080511BD1FC170 /* MapleQuickLook.appex */,
				521B6F9B85049DBA00FD7C56 /* MapleFileProviderIOS.appex */,
			);
			name = Products;
			sourceTree = "<group>";
		};
		B119715AB39081A63317BE96 /* MapleFileProvider */ = {
			isa = PBXGroup;
			children = (
				9CA678A9D2E0D47F2A861CC6 /* FileProviderExtension.swift */,
				A8BB8561B7CB78D59F7D1DDC /* Info.plist */,
				BA39B6A9245FA00D972845C6 /* MapleFileProvider.entitlements */,
			);
			path = MapleFileProvider;
			sourceTree = SOURCE_ROOT;
		};
		E3FF1B052F9D8CE600FD7E5E /* Recovered References */ = {
			isa = PBXGroup;
			children = (
				A1F0006B00000000000000A1 /* MapleTests */,
				A1F0006100000000000000A1 /* MapleUITests */,
			);
			name = "Recovered References";
			sourceTree = "<group>";
		};
/* End PBXGroup section */

/* Begin PBXNativeTarget section */
		246E80A8F95722377C731777 /* MapleFileProviderIOS */ = {
			isa = PBXNativeTarget;
			buildConfigurationList = 7360BCA2598FCC1F859CA515 /* Build configuration list for PBXNativeTarget "MapleFileProviderIOS" */;
			buildPhases = (
				C5CDC0229BED60B9DF2496BB /* Sources */,
				5E92E2B9757DC6AA8F25362E /* Frameworks */,
				6C412D540F24B9A4211012AB /* Resources */,
			);
			buildRules = (
			);
			dependencies = (
			);
			name = MapleFileProviderIOS;
			packageProductDependencies = (
				AD2BAC138F82299C19BFC9C5 /* MapleCore */,
			);
			productName = MapleFileProviderIOS;
			productReference = 521B6F9B85049DBA00FD7C56 /* MapleFileProviderIOS.appex */;
			productType = "com.apple.product-type.app-extension";
		};
		2B0A1BC438B6D017026535AE /* MapleQuickLook */ = {
			isa = PBXNativeTarget;
			buildConfigurationList = A0DAB2E76822C2BA4A28F418 /* Build configuration list for PBXNativeTarget "MapleQuickLook" */;
			buildPhases = (
				3B418762BFF03D85B89BB1AE /* Sources */,
				2890B469768FC18875DCCBBC /* Frameworks */,
				A836B2870E3C5F9253D394D5 /* Resources */,
			);
			buildRules = (
			);
			dependencies = (
			);
			name = MapleQuickLook;
			packageProductDependencies = (
				F06000F4EB1B951071886262 /* MapleCore */,
			);
			productName = MapleQuickLook;
			productReference = 443236A672080511BD1FC170 /* MapleQuickLook.appex */;
			productType = "com.apple.product-type.app-extension";
		};
		A1F0001000000000000000A1 /* Maple Exposure */ = {
			isa = PBXNativeTarget;
			buildConfigurationList = A1F0001100000000000000A1 /* Build configuration list for PBXNativeTarget "Maple Exposure" */;
			buildPhases = (
				A1F0005100000000000000A1 /* Build Rust xcframework */,
				A1F0005000000000000000A1 /* Clean test fixtures */,
				A1F0001200000000000000A1 /* Sources */,
				A1F0000A00000000000000A1 /* Frameworks */,
				A1F0001300000000000000A1 /* Resources */,
				BAD237F2A91BD12FDAF04E36 /* Embed Foundation Extensions */,
			);
			buildRules = (
			);
			dependencies = (
				6E7046EBC2924B60E9A53BDF /* PBXTargetDependency */,
				A94BA048F0AF3949586FB40E /* PBXTargetDependency */,
				F036300CB260BA8DAC101057 /* PBXTargetDependency */,
			);
			fileSystemSynchronizedGroups = (
				A1F0000900000000000000A1 /* Maple */,
			);
			name = "Maple Exposure";
			packageProductDependencies = (
				A1F0000200000000000000A1 /* MapleCore */,
				E3DD948F2FB55723009392B4 /* MapleBackup */,
			);
			productName = "Maple Exposure";
			productReference = A1F0000700000000000000A1 /* Maple Exposure.app */;
			productType = "com.apple.product-type.application";
		};
		A1F0001400000000000000A1 /* MapleTests */ = {
			isa = PBXNativeTarget;
			buildConfigurationList = A1F0001500000000000000A1 /* Build configuration list for PBXNativeTarget "MapleTests" */;
			buildPhases = (
				A1F0001600000000000000A1 /* Sources */,
				A1F0000B00000000000000A1 /* Frameworks */,
				A1F0001700000000000000A1 /* Resources */,
			);
			buildRules = (
			);
			dependencies = (
				A1F0001800000000000000A1 /* PBXTargetDependency */,
			);
			fileSystemSynchronizedGroups = (
				A1F0006B00000000000000A1 /* MapleTests */,
			);
			name = MapleTests;
			productName = MapleTests;
			productReference = A1F0000800000000000000A1 /* MapleTests.xctest */;
			productType = "com.apple.product-type.bundle.unit-test";
		};
		A1F0006500000000000000A1 /* MapleUITests */ = {
			isa = PBXNativeTarget;
			buildConfigurationList = A1F0006600000000000000A1 /* Build configuration list for PBXNativeTarget "MapleUITests" */;
			buildPhases = (
				A1F0006400000000000000A1 /* Sources */,
				A1F0006200000000000000A1 /* Frameworks */,
				A1F0006300000000000000A1 /* Resources */,
			);
			buildRules = (
			);
			dependencies = (
				A1F0006A00000000000000A1 /* PBXTargetDependency */,
			);
			fileSystemSynchronizedGroups = (
				A1F0006100000000000000A1 /* MapleUITests */,
			);
			name = MapleUITests;
			productName = MapleUITests;
			productReference = A1F0006000000000000000A1 /* MapleUITests.xctest */;
			productType = "com.apple.product-type.bundle.ui-testing";
		};
		E3DD94822FB50E55009392B4 /* MapleBackupAgent */ = {
			isa = PBXNativeTarget;
			buildConfigurationList = E3DD94892FB50E55009392B4 /* Build configuration list for PBXNativeTarget "MapleBackupAgent" */;
			buildPhases = (
				E3DD947F2FB50E55009392B4 /* Sources */,
				E3DD94802FB50E55009392B4 /* Frameworks */,
				E3DD94812FB50E55009392B4 /* CopyFiles */,
			);
			buildRules = (
			);
			dependencies = (
			);
			fileSystemSynchronizedGroups = (
				E3DD94842FB50E55009392B4 /* MapleBackupAgent */,
			);
			name = MapleBackupAgent;
			packageProductDependencies = (
				E3DD948A2FB50EB9009392B4 /* MapleCore */,
				E3DD948D2FB51A67009392B4 /* MapleBackup */,
			);
			productName = MapleBackupAgent;
			productReference = E3DD94832FB50E55009392B4 /* MapleBackupAgent */;
			productType = "com.apple.product-type.tool";
		};
		FBF9A9CA395B79B5F88F2B88 /* MapleFileProvider */ = {
			isa = PBXNativeTarget;
			buildConfigurationList = B5BD3C159922E18EF6677E96 /* Build configuration list for PBXNativeTarget "MapleFileProvider" */;
			buildPhases = (
				46BB1F2F213C67E8F9B48128 /* Sources */,
				1DFD3B39545196D0B3A59374 /* Frameworks */,
				3984EC185A536E638BEBF2C5 /* Resources */,
			);
			buildRules = (
			);
			dependencies = (
			);
			name = MapleFileProvider;
			packageProductDependencies = (
				07D7B596343161F1A66BD85A /* MapleCore */,
			);
			productName = MapleFileProvider;
			productReference = EC6472D425AC44A1388478EF /* MapleFileProvider.appex */;
			productType = "com.apple.product-type.app-extension";
		};
/* End PBXNativeTarget section */

/* Begin PBXProject section */
		A1F0001A00000000000000A1 /* Project object */ = {
			isa = PBXProject;
			attributes = {
				BuildIndependentTargetsInParallel = 1;
				LastSwiftUpdateCheck = 2640;
				LastUpgradeCheck = 1600;
				TargetAttributes = {
					A1F0001000000000000000A1 = {
						CreatedOnToolsVersion = 16.0;
					};
					A1F0001400000000000000A1 = {
						CreatedOnToolsVersion = 16.0;
						TestTargetID = A1F0001000000000000000A1;
					};
					A1F0006500000000000000A1 = {
						CreatedOnToolsVersion = 16.0;
						TestTargetID = A1F0001000000000000000A1;
					};
					E3DD94822FB50E55009392B4 = {
						CreatedOnToolsVersion = 26.4;
					};
				};
			};
			buildConfigurationList = A1F0001B00000000000000A1 /* Build configuration list for PBXProject "Maple" */;
			developmentRegion = en;
			hasScannedForEncodings = 0;
			knownRegions = (
				en,
				Base,
			);
			mainGroup = A1F0000C00000000000000A1;
			minimizedProjectReferenceProxies = 1;
			packageReferences = (
				A1F0001C00000000000000A1 /* XCLocalSwiftPackageReference "Packages/MapleCore" */,
				E3DD948C2FB51A67009392B4 /* XCLocalSwiftPackageReference "Packages/MapleBackup" */,
			);
			preferredProjectObjectVersion = 77;
			productRefGroup = A1F0000F00000000000000A1 /* Products */;
			projectDirPath = "";
			projectRoot = "";
			targets = (
				A1F0001000000000000000A1 /* Maple Exposure */,
				A1F0001400000000000000A1 /* MapleTests */,
				A1F0006500000000000000A1 /* MapleUITests */,
				E3DD94822FB50E55009392B4 /* MapleBackupAgent */,
				FBF9A9CA395B79B5F88F2B88 /* MapleFileProvider */,
				2B0A1BC438B6D017026535AE /* MapleQuickLook */,
				246E80A8F95722377C731777 /* MapleFileProviderIOS */,
			);
		};
/* End PBXProject section */

/* Begin PBXResourcesBuildPhase section */
		3984EC185A536E638BEBF2C5 /* Resources */ = {
			isa = PBXResourcesBuildPhase;
			buildActionMask = 2147483647;
			files = (
			);
			runOnlyForDeploymentPostprocessing = 0;
		};
		6C412D540F24B9A4211012AB /* Resources */ = {
			isa = PBXResourcesBuildPhase;
			buildActionMask = 2147483647;
			files = (
			);
			runOnlyForDeploymentPostprocessing = 0;
		};
		A1F0001300000000000000A1 /* Resources */ = {
			isa = PBXResourcesBuildPhase;
			buildActionMask = 2147483647;
			files = (
				E3DD94D12FB50E55009392B4 /* LaunchScreen.storyboard in Resources */,
			);
			runOnlyForDeploymentPostprocessing = 0;
		};
		A1F0001700000000000000A1 /* Resources */ = {
			isa = PBXResourcesBuildPhase;
			buildActionMask = 2147483647;
			files = (
			);
			runOnlyForDeploymentPostprocessing = 0;
		};
		A1F0006300000000000000A1 /* Resources */ = {
			isa = PBXResourcesBuildPhase;
			buildActionMask = 2147483647;
			files = (
			);
			runOnlyForDeploymentPostprocessing = 0;
		};
		A836B2870E3C5F9253D394D5 /* Resources */ = {
			isa = PBXResourcesBuildPhase;
			buildActionMask = 2147483647;
			files = (
			);
			runOnlyForDeploymentPostprocessing = 0;
		};
/* End PBXResourcesBuildPhase section */

/* Begin PBXShellScriptBuildPhase section */
		A1F0005000000000000000A1 /* Clean test fixtures */ = {
			isa = PBXShellScriptBuildPhase;
			alwaysOutOfDate = 1;
			buildActionMask = 2147483647;
			files = (
			);
			inputFileListPaths = (
			);
			inputPaths = (
			);
			name = "Clean test fixtures";
			outputFileListPaths = (
			);
			outputPaths = (
			);
			runOnlyForDeploymentPostprocessing = 0;
			shellPath = /bin/sh;
			shellScript = "set -eu\nFIXTURES=\"${SRCROOT}/../../test-fixtures/raws\"\nif [ -d \"$FIXTURES\" ]; then\n  find \"$FIXTURES\" -type d -name .maple -prune -exec rm -rf {} +\n  find \"$FIXTURES\" -type f -name '*.xmp' -delete\nfi\n";
		};
		A1F0005100000000000000A1 /* Build Rust xcframework */ = {
			isa = PBXShellScriptBuildPhase;
			alwaysOutOfDate = 1;
			buildActionMask = 2147483647;
			files = (
			);
			inputFileListPaths = (
			);
			inputPaths = (
			);
			name = "Build Rust xcframework";
			outputFileListPaths = (
			);
			outputPaths = (
			);
			runOnlyForDeploymentPostprocessing = 0;
			shellPath = /bin/sh;
			shellScript = "set -eu\n# build-xcframework.sh internally fast-paths when no Rust source has\n# changed since the last successful build, so this is cheap on no-op builds.\nif [ \"${CONFIGURATION:-}\" = \"Release\" ]; then\n  bash \"${SRCROOT}/scripts/build-xcframework.sh\" --release\nelse\n  bash \"${SRCROOT}/scripts/build-xcframework.sh\"\nfi\n";
		};
/* End PBXShellScriptBuildPhase section */

/* Begin PBXSourcesBuildPhase section */
		3B418762BFF03D85B89BB1AE /* Sources */ = {
			isa = PBXSourcesBuildPhase;
			buildActionMask = 2147483647;
			files = (
				5DD5171E450EC883D7DBD9AF /* MaplePreviewProvider.swift in Sources */,
			);
			runOnlyForDeploymentPostprocessing = 0;
		};
		46BB1F2F213C67E8F9B48128 /* Sources */ = {
			isa = PBXSourcesBuildPhase;
			buildActionMask = 2147483647;
			files = (
				9913DE4AB2F2AFC8674F57C0 /* FileProviderExtension.swift in Sources */,
			);
			runOnlyForDeploymentPostprocessing = 0;
		};
		A1F0001200000000000000A1 /* Sources */ = {
			isa = PBXSourcesBuildPhase;
			buildActionMask = 2147483647;
			files = (
			);
			runOnlyForDeploymentPostprocessing = 0;
		};
		A1F0001600000000000000A1 /* Sources */ = {
			isa = PBXSourcesBuildPhase;
			buildActionMask = 2147483647;
			files = (
			);
			runOnlyForDeploymentPostprocessing = 0;
		};
		A1F0006400000000000000A1 /* Sources */ = {
			isa = PBXSourcesBuildPhase;
			buildActionMask = 2147483647;
			files = (
			);
			runOnlyForDeploymentPostprocessing = 0;
		};
		C5CDC0229BED60B9DF2496BB /* Sources */ = {
			isa = PBXSourcesBuildPhase;
			buildActionMask = 2147483647;
			files = (
				0718A582AE0357D1850C8A3F /* FileProviderExtensionIOS.swift in Sources */,
			);
			runOnlyForDeploymentPostprocessing = 0;
		};
		E3DD947F2FB50E55009392B4 /* Sources */ = {
			isa = PBXSourcesBuildPhase;
			buildActionMask = 2147483647;
			files = (
				A11A00010000000000000905 /* PhotoKitAssetReader.swift in Sources */,
			);
			runOnlyForDeploymentPostprocessing = 0;
		};
/* End PBXSourcesBuildPhase section */

/* Begin PBXTargetDependency section */
		6E7046EBC2924B60E9A53BDF /* PBXTargetDependency */ = {
			isa = PBXTargetDependency;
			name = MapleFileProvider;
			platformFilters = (
				macos,
			);
			target = FBF9A9CA395B79B5F88F2B88 /* MapleFileProvider */;
			targetProxy = B52A919217EDFA9852CD4A11 /* PBXContainerItemProxy */;
		};
		A1F0001800000000000000A1 /* PBXTargetDependency */ = {
			isa = PBXTargetDependency;
			target = A1F0001000000000000000A1 /* Maple Exposure */;
			targetProxy = E378533E2F9AC54F00BDF307 /* PBXContainerItemProxy */;
		};
		A1F0006A00000000000000A1 /* PBXTargetDependency */ = {
			isa = PBXTargetDependency;
			target = A1F0001000000000000000A1 /* Maple Exposure */;
			targetProxy = A1F0006900000000000000A1 /* PBXContainerItemProxy */;
		};
		A94BA048F0AF3949586FB40E /* PBXTargetDependency */ = {
			isa = PBXTargetDependency;
			name = MapleQuickLook;
			platformFilters = (
				macos,
			);
			target = 2B0A1BC438B6D017026535AE /* MapleQuickLook */;
			targetProxy = EF2E9A12C37DAF0EAAA3261E /* PBXContainerItemProxy */;
		};
		F036300CB260BA8DAC101057 /* PBXTargetDependency */ = {
			isa = PBXTargetDependency;
			name = MapleFileProviderIOS;
			platformFilter = ios;
			target = 246E80A8F95722377C731777 /* MapleFileProviderIOS */;
			targetProxy = 6C0BF6B7E85D714F2FFABA55 /* PBXContainerItemProxy */;
		};
/* End PBXTargetDependency section */

/* Begin XCBuildConfiguration section */
		05E3343BCA7A720B4BFAC48E /* Release */ = {
			isa = XCBuildConfiguration;
			buildSettings = {
				CLANG_ENABLE_OBJC_WEAK = NO;
				CODE_SIGN_ENTITLEMENTS = MapleFileProviderIOS/MapleFileProviderIOS.entitlements;
				CODE_SIGN_STYLE = Automatic;
				CURRENT_PROJECT_VERSION = 1;
				DEVELOPMENT_TEAM = QREP66JW5U;
				ENABLE_HARDENED_RUNTIME = NO;
				GENERATE_INFOPLIST_FILE = NO;
				INFOPLIST_FILE = MapleFileProviderIOS/Info.plist;
				INFOPLIST_KEY_CFBundleDisplayName = "Maple Exposure";
				IPHONEOS_DEPLOYMENT_TARGET = 26.0;
				LD_RUNPATH_SEARCH_PATHS = (
					"$(inherited)",
					"@executable_path/Frameworks",
					"@executable_path/../../Frameworks",
				);
				MARKETING_VERSION = 0.1.0;
				PRODUCT_BUNDLE_IDENTIFIER = app.justmaple.aperture.FileProviderIOS;
				PRODUCT_NAME = MapleFileProviderIOS;
				SDKROOT = iphoneos;
				SKIP_INSTALL = YES;
				SUPPORTED_PLATFORMS = "iphoneos iphonesimulator";
				SWIFT_VERSION = 5.10;
				TARGETED_DEVICE_FAMILY = "1,2";
				VALIDATE_PRODUCT = YES;
			};
			name = Release;
		};
		2BCB4C79E07F4EE2F790D52D /* Debug */ = {
			isa = XCBuildConfiguration;
			buildSettings = {
				CODE_SIGN_ENTITLEMENTS = MapleFileProvider/MapleFileProvider.entitlements;
				"CODE_SIGN_IDENTITY[sdk=macosx*]" = "Apple Development";
				CODE_SIGN_STYLE = Automatic;
				CURRENT_PROJECT_VERSION = 1;
				DEVELOPMENT_TEAM = QREP66JW5U;
				ENABLE_HARDENED_RUNTIME = YES;
				GENERATE_INFOPLIST_FILE = NO;
				INFOPLIST_FILE = MapleFileProvider/Info.plist;
				INFOPLIST_KEY_CFBundleDisplayName = "Maple Exposure";
				LD_RUNPATH_SEARCH_PATHS = (
					"$(inherited)",
					"@executable_path/../../../../Frameworks",
					"@executable_path/../../Frameworks",
				);
				MACOSX_DEPLOYMENT_TARGET = 14.0;
				MARKETING_VERSION = 0.1.0;
				PRODUCT_BUNDLE_IDENTIFIER = app.justmaple.aperture.FileProvider;
				PRODUCT_NAME = MapleFileProvider;
				SDKROOT = macosx;
				SKIP_INSTALL = YES;
				SUPPORTED_PLATFORMS = macosx;
				SWIFT_VERSION = 5.0;
			};
			name = Debug;
		};
		6EA36B87E5E982D2A8841913 /* Debug */ = {
			isa = XCBuildConfiguration;
			buildSettings = {
				CODE_SIGN_ENTITLEMENTS = MapleQuickLook/MapleQuickLook.entitlements;
				CODE_SIGN_STYLE = Automatic;
				CURRENT_PROJECT_VERSION = 1;
				DEVELOPMENT_TEAM = QREP66JW5U;
				ENABLE_HARDENED_RUNTIME = YES;
				GENERATE_INFOPLIST_FILE = NO;
				INFOPLIST_FILE = MapleQuickLook/Info.plist;
				INFOPLIST_KEY_CFBundleDisplayName = "Maple Exposure";
				LD_RUNPATH_SEARCH_PATHS = (
					"$(inherited)",
					"@executable_path/../../../../Frameworks",
					"@executable_path/../../Frameworks",
				);
				MACOSX_DEPLOYMENT_TARGET = 14.0;
				MARKETING_VERSION = 0.1.0;
				PRODUCT_BUNDLE_IDENTIFIER = app.justmaple.aperture.QuickLook;
				PRODUCT_NAME = MapleQuickLook;
				SDKROOT = macosx;
				SKIP_INSTALL = YES;
				SUPPORTED_PLATFORMS = macosx;
				SWIFT_VERSION = 5.0;
			};
			name = Debug;
		};
		7562456F5672DBBF3AD7ECCD /* Release */ = {
			isa = XCBuildConfiguration;
			buildSettings = {
				CODE_SIGN_ENTITLEMENTS = MapleQuickLook/MapleQuickLook.entitlements;
				CODE_SIGN_STYLE = Automatic;
				CURRENT_PROJECT_VERSION = 1;
				DEVELOPMENT_TEAM = QREP66JW5U;
				ENABLE_HARDENED_RUNTIME = YES;
				GENERATE_INFOPLIST_FILE = NO;
				INFOPLIST_FILE = MapleQuickLook/Info.plist;
				INFOPLIST_KEY_CFBundleDisplayName = "Maple Exposure";
				LD_RUNPATH_SEARCH_PATHS = (
					"$(inherited)",
					"@executable_path/../../../../Frameworks",
					"@executable_path/../../Frameworks",
				);
				MACOSX_DEPLOYMENT_TARGET = 14.0;
				MARKETING_VERSION = 0.1.0;
				PRODUCT_BUNDLE_IDENTIFIER = app.justmaple.aperture.QuickLook;
				PRODUCT_NAME = MapleQuickLook;
				SDKROOT = macosx;
				SKIP_INSTALL = YES;
				SUPPORTED_PLATFORMS = macosx;
				SWIFT_VERSION = 5.0;
			};
			name = Release;
		};
		9D94FE34EA23DCDA6B91A786 /* Debug */ = {
			isa = XCBuildConfiguration;
			buildSettings = {
				CLANG_ENABLE_OBJC_WEAK = NO;
				CODE_SIGN_ENTITLEMENTS = MapleFileProviderIOS/MapleFileProviderIOS.entitlements;
				CODE_SIGN_STYLE = Automatic;
				CURRENT_PROJECT_VERSION = 1;
				DEVELOPMENT_TEAM = QREP66JW5U;
				ENABLE_HARDENED_RUNTIME = NO;
				GENERATE_INFOPLIST_FILE = NO;
				INFOPLIST_FILE = MapleFileProviderIOS/Info.plist;
				INFOPLIST_KEY_CFBundleDisplayName = "Maple Exposure";
				IPHONEOS_DEPLOYMENT_TARGET = 26.0;
				LD_RUNPATH_SEARCH_PATHS = (
					"$(inherited)",
					"@executable_path/Frameworks",
					"@executable_path/../../Frameworks",
				);
				MARKETING_VERSION = 0.1.0;
				PRODUCT_BUNDLE_IDENTIFIER = app.justmaple.aperture.FileProviderIOS;
				PRODUCT_NAME = MapleFileProviderIOS;
				SDKROOT = iphoneos;
				SKIP_INSTALL = YES;
				SUPPORTED_PLATFORMS = "iphoneos iphonesimulator";
				SWIFT_VERSION = 5.10;
				TARGETED_DEVICE_FAMILY = "1,2";
			};
			name = Debug;
		};
		A1F0001D00000000000000A1 /* Debug */ = {
			isa = XCBuildConfiguration;
			buildSettings = {
				ALWAYS_SEARCH_USER_PATHS = NO;
				ASSETCATALOG_COMPILER_GENERATE_SWIFT_ASSET_SYMBOL_EXTENSIONS = YES;
				CLANG_ANALYZER_NONNULL = YES;
				CLANG_ANALYZER_NUMBER_OBJECT_CONVERSION = YES_AGGRESSIVE;
				CLANG_CXX_LANGUAGE_STANDARD = "gnu++20";
				CLANG_ENABLE_MODULES = YES;
				CLANG_ENABLE_OBJC_ARC = YES;
				CLANG_ENABLE_OBJC_WEAK = YES;
				CLANG_WARN_BLOCK_CAPTURE_AUTORELEASING = YES;
				CLANG_WARN_BOOL_CONVERSION = YES;
				CLANG_WARN_COMMA = YES;
				CLANG_WARN_CONSTANT_CONVERSION = YES;
				CLANG_WARN_DEPRECATED_OBJC_IMPLEMENTATIONS = YES;
				CLANG_WARN_DIRECT_OBJC_ISA_USAGE = YES_ERROR;
				CLANG_WARN_DOCUMENTATION_COMMENTS = YES;
				CLANG_WARN_EMPTY_BODY = YES;
				CLANG_WARN_ENUM_CONVERSION = YES;
				CLANG_WARN_INFINITE_RECURSION = YES;
				CLANG_WARN_INT_CONVERSION = YES;
				CLANG_WARN_NON_LITERAL_NULL_CONVERSION = YES;
				CLANG_WARN_OBJC_IMPLICIT_RETAIN_SELF = YES;
				CLANG_WARN_OBJC_LITERAL_CONVERSION = YES;
				CLANG_WARN_OBJC_ROOT_CLASS = YES_ERROR;
				CLANG_WARN_QUOTED_INCLUDE_IN_FRAMEWORK_HEADER = YES;
				CLANG_WARN_RANGE_LOOP_ANALYSIS = YES;
				CLANG_WARN_STRICT_PROTOTYPES = YES;
				CLANG_WARN_SUSPICIOUS_MOVE = YES;
				CLANG_WARN_UNGUARDED_AVAILABILITY = YES_AGGRESSIVE;
				CLANG_WARN_UNREACHABLE_CODE = YES;
				CLANG_WARN__DUPLICATE_METHOD_MATCH = YES;
				COPY_PHASE_STRIP = NO;
				DEBUG_INFORMATION_FORMAT = dwarf;
				ENABLE_STRICT_OBJC_MSGSEND = YES;
				ENABLE_TESTABILITY = YES;
				ENABLE_USER_SCRIPT_SANDBOXING = YES;
				GCC_C_LANGUAGE_STANDARD = gnu17;
				GCC_DYNAMIC_NO_PIC = NO;
				GCC_NO_COMMON_BLOCKS = YES;
				GCC_OPTIMIZATION_LEVEL = 0;
				GCC_PREPROCESSOR_DEFINITIONS = (
					"DEBUG=1",
					"$(inherited)",
				);
				GCC_WARN_64_TO_32_BIT_CONVERSION = YES;
				GCC_WARN_ABOUT_RETURN_TYPE = YES_ERROR;
				GCC_WARN_UNDECLARED_SELECTOR = YES;
				GCC_WARN_UNINITIALIZED_AUTOS = YES_AGGRESSIVE;
				GCC_WARN_UNUSED_FUNCTION = YES;
				GCC_WARN_UNUSED_VARIABLE = YES;
				IPHONEOS_DEPLOYMENT_TARGET = 26.0;
				LOCALIZATION_PREFERS_STRING_CATALOGS = YES;
				MACOSX_DEPLOYMENT_TARGET = 14.0;
				MTL_ENABLE_DEBUG_INFO = INCLUDE_SOURCE;
				MTL_FAST_MATH = YES;
				ONLY_ACTIVE_ARCH = YES;
				SDKROOT = iphoneos;
				SUPPORTED_PLATFORMS = "iphoneos iphonesimulator macosx";
				SUPPORTS_MACCATALYST = NO;
				SUPPORTS_MAC_DESIGNED_FOR_IPHONE_IPAD = NO;
				SWIFT_ACTIVE_COMPILATION_CONDITIONS = "DEBUG $(inherited)";
				SWIFT_OPTIMIZATION_LEVEL = "-Onone";
				SWIFT_VERSION = 5.10;
			};
			name = Debug;
		};
		A1F0001E00000000000000A1 /* Release */ = {
			isa = XCBuildConfiguration;
			buildSettings = {
				ALWAYS_SEARCH_USER_PATHS = NO;
				ASSETCATALOG_COMPILER_GENERATE_SWIFT_ASSET_SYMBOL_EXTENSIONS = YES;
				CLANG_ANALYZER_NONNULL = YES;
				CLANG_ANALYZER_NUMBER_OBJECT_CONVERSION = YES_AGGRESSIVE;
				CLANG_CXX_LANGUAGE_STANDARD = "gnu++20";
				CLANG_ENABLE_MODULES = YES;
				CLANG_ENABLE_OBJC_ARC = YES;
				CLANG_ENABLE_OBJC_WEAK = YES;
				CLANG_WARN_BLOCK_CAPTURE_AUTORELEASING = YES;
				CLANG_WARN_BOOL_CONVERSION = YES;
				CLANG_WARN_COMMA = YES;
				CLANG_WARN_CONSTANT_CONVERSION = YES;
				CLANG_WARN_DEPRECATED_OBJC_IMPLEMENTATIONS = YES;
				CLANG_WARN_DIRECT_OBJC_ISA_USAGE = YES_ERROR;
				CLANG_WARN_DOCUMENTATION_COMMENTS = YES;
				CLANG_WARN_EMPTY_BODY = YES;
				CLANG_WARN_ENUM_CONVERSION = YES;
				CLANG_WARN_INFINITE_RECURSION = YES;
				CLANG_WARN_INT_CONVERSION = YES;
				CLANG_WARN_NON_LITERAL_NULL_CONVERSION = YES;
				CLANG_WARN_OBJC_IMPLICIT_RETAIN_SELF = YES;
				CLANG_WARN_OBJC_LITERAL_CONVERSION = YES;
				CLANG_WARN_OBJC_ROOT_CLASS = YES_ERROR;
				CLANG_WARN_QUOTED_INCLUDE_IN_FRAMEWORK_HEADER = YES;
				CLANG_WARN_RANGE_LOOP_ANALYSIS = YES;
				CLANG_WARN_STRICT_PROTOTYPES = YES;
				CLANG_WARN_SUSPICIOUS_MOVE = YES;
				CLANG_WARN_UNGUARDED_AVAILABILITY = YES_AGGRESSIVE;
				CLANG_WARN_UNREACHABLE_CODE = YES;
				CLANG_WARN__DUPLICATE_METHOD_MATCH = YES;
				COPY_PHASE_STRIP = NO;
				DEBUG_INFORMATION_FORMAT = "dwarf-with-dsym";
				ENABLE_NS_ASSERTIONS = NO;
				ENABLE_STRICT_OBJC_MSGSEND = YES;
				ENABLE_USER_SCRIPT_SANDBOXING = YES;
				GCC_C_LANGUAGE_STANDARD = gnu17;
				GCC_NO_COMMON_BLOCKS = YES;
				GCC_WARN_64_TO_32_BIT_CONVERSION = YES;
				GCC_WARN_ABOUT_RETURN_TYPE = YES_ERROR;
				GCC_WARN_UNDECLARED_SELECTOR = YES;
				GCC_WARN_UNINITIALIZED_AUTOS = YES_AGGRESSIVE;
				GCC_WARN_UNUSED_FUNCTION = YES;
				GCC_WARN_UNUSED_VARIABLE = YES;
				IPHONEOS_DEPLOYMENT_TARGET = 26.0;
				LOCALIZATION_PREFERS_STRING_CATALOGS = YES;
				MACOSX_DEPLOYMENT_TARGET = 14.0;
				MTL_ENABLE_DEBUG_INFO = NO;
				MTL_FAST_MATH = YES;
				SDKROOT = iphoneos;
				SUPPORTED_PLATFORMS = "iphoneos iphonesimulator macosx";
				SUPPORTS_MACCATALYST = NO;
				SUPPORTS_MAC_DESIGNED_FOR_IPHONE_IPAD = NO;
				SWIFT_COMPILATION_MODE = wholemodule;
				SWIFT_VERSION = 5.10;
				VALIDATE_PRODUCT = YES;
			};
			name = Release;
		};
		A1F0001F00000000000000A1 /* Debug */ = {
			isa = XCBuildConfiguration;
			buildSettings = {
				ASSETCATALOG_COMPILER_APPICON_NAME = AppIcon;
				ASSETCATALOG_COMPILER_GLOBAL_ACCENT_COLOR_NAME = AccentColor;
				AUTOMATION_APPLE_EVENTS = NO;
				CODE_SIGN_ENTITLEMENTS = Maple/Maple.entitlements;
				CODE_SIGN_IDENTITY = "Apple Development";
				CODE_SIGN_STYLE = Automatic;
				CURRENT_PROJECT_VERSION = 1;
				DEVELOPMENT_TEAM = QREP66JW5U;
				ENABLE_APP_SANDBOX = YES;
				ENABLE_FILE_ACCESS_PICTURE_FOLDER = readwrite;
				ENABLE_HARDENED_RUNTIME = YES;
				ENABLE_INCOMING_NETWORK_CONNECTIONS = NO;
				ENABLE_OUTGOING_NETWORK_CONNECTIONS = NO;
				ENABLE_PREVIEWS = YES;
				ENABLE_RESOURCE_ACCESS_AUDIO_INPUT = NO;
				ENABLE_RESOURCE_ACCESS_BLUETOOTH = NO;
				ENABLE_RESOURCE_ACCESS_CALENDARS = NO;
				ENABLE_RESOURCE_ACCESS_CAMERA = NO;
				ENABLE_RESOURCE_ACCESS_CONTACTS = NO;
				ENABLE_RESOURCE_ACCESS_LOCATION = NO;
				ENABLE_RESOURCE_ACCESS_PHOTO_LIBRARY = YES;
				ENABLE_RESOURCE_ACCESS_PRINTING = NO;
				ENABLE_RESOURCE_ACCESS_USB = NO;
				ENABLE_USER_SCRIPT_SANDBOXING = NO;
				GENERATE_INFOPLIST_FILE = YES;
				INFOPLIST_FILE = "Maple-Info.plist";
				INFOPLIST_KEY_CFBundleDisplayName = "Maple Exposure";
				INFOPLIST_KEY_ITSAppUsesNonExemptEncryption = NO;
				INFOPLIST_KEY_LSApplicationCategoryType = "public.app-category.photography";
				INFOPLIST_KEY_NSBonjourServices = _smb._tcp;
				INFOPLIST_KEY_NSHighResolutionCapable = YES;
				INFOPLIST_KEY_NSHumanReadableCopyright = "Copyright (c) 2026 Just Maple. All rights reserved.";
				INFOPLIST_KEY_NSLocalNetworkUsageDescription = "Maple connects to SMB servers on your local network to access RAW files.";
				INFOPLIST_KEY_NSPhotoLibraryAddUsageDescription = "Maple can save edited photos back to your library.";
				INFOPLIST_KEY_NSPhotoLibraryUsageDescription = "Maple needs access to your photo library to import RAW files.";
				INFOPLIST_KEY_UIAppFonts = (
					"Lato-Regular.ttf",
					"Lato-Bold.ttf",
					"Merriweather-Bold.ttf",
				);
				INFOPLIST_KEY_UIApplicationSceneManifest_Generation = YES;
				"INFOPLIST_KEY_UILaunchStoryboardName[sdk=iphone*]" = LaunchScreen;
				INFOPLIST_KEY_UIRequiresFullScreen = NO;
				INFOPLIST_KEY_UISupportedInterfaceOrientations_iPad = "UIInterfaceOrientationPortrait UIInterfaceOrientationPortraitUpsideDown UIInterfaceOrientationLandscapeLeft UIInterfaceOrientationLandscapeRight";
				INFOPLIST_KEY_UISupportedInterfaceOrientations_iPhone = "UIInterfaceOrientationPortrait UIInterfaceOrientationLandscapeLeft UIInterfaceOrientationLandscapeRight";
				IPHONEOS_DEPLOYMENT_TARGET = 26.0;
				LD_RUNPATH_SEARCH_PATHS = (
					"$(inherited)",
					"@executable_path/Frameworks",
					"@loader_path/Frameworks",
				);
				"LD_RUNPATH_SEARCH_PATHS[sdk=macosx*]" = (
					"$(inherited)",
					"@executable_path/../Frameworks",
					"@loader_path/Frameworks",
				);
				MACOSX_DEPLOYMENT_TARGET = 14.0;
				MARKETING_VERSION = 0.1.0;
				PRODUCT_BUNDLE_IDENTIFIER = app.justmaple.aperture;
				PRODUCT_NAME = "Maple Exposure";
				PROVISIONING_PROFILE_SPECIFIER = "";
				RUNTIME_EXCEPTION_ALLOW_DYLD_ENVIRONMENT_VARIABLES = NO;
				RUNTIME_EXCEPTION_ALLOW_JIT = NO;
				RUNTIME_EXCEPTION_ALLOW_UNSIGNED_EXECUTABLE_MEMORY = NO;
				RUNTIME_EXCEPTION_DEBUGGING_TOOL = NO;
				RUNTIME_EXCEPTION_DISABLE_EXECUTABLE_PAGE_PROTECTION = NO;
				RUNTIME_EXCEPTION_DISABLE_LIBRARY_VALIDATION = NO;
				SUPPORTED_PLATFORMS = "iphoneos iphonesimulator macosx";
				SUPPORTS_MACCATALYST = NO;
				SUPPORTS_MAC_DESIGNED_FOR_IPHONE_IPAD = NO;
				SWIFT_EMIT_LOC_STRINGS = YES;
				SWIFT_VERSION = 5.10;
				TARGETED_DEVICE_FAMILY = "1,2";
			};
			name = Debug;
		};
		A1F0002000000000000000A1 /* Release */ = {
			isa = XCBuildConfiguration;
			buildSettings = {
				ASSETCATALOG_COMPILER_APPICON_NAME = AppIcon;
				ASSETCATALOG_COMPILER_GLOBAL_ACCENT_COLOR_NAME = AccentColor;
				AUTOMATION_APPLE_EVENTS = NO;
				CODE_SIGN_ENTITLEMENTS = Maple/Maple.entitlements;
				CODE_SIGN_IDENTITY = "Apple Development";
				CODE_SIGN_STYLE = Automatic;
				CURRENT_PROJECT_VERSION = 1;
				DEVELOPMENT_TEAM = QREP66JW5U;
				ENABLE_APP_SANDBOX = YES;
				ENABLE_FILE_ACCESS_PICTURE_FOLDER = readwrite;
				ENABLE_HARDENED_RUNTIME = YES;
				ENABLE_INCOMING_NETWORK_CONNECTIONS = NO;
				ENABLE_OUTGOING_NETWORK_CONNECTIONS = NO;
				ENABLE_PREVIEWS = YES;
				ENABLE_RESOURCE_ACCESS_AUDIO_INPUT = NO;
				ENABLE_RESOURCE_ACCESS_BLUETOOTH = NO;
				ENABLE_RESOURCE_ACCESS_CALENDARS = NO;
				ENABLE_RESOURCE_ACCESS_CAMERA = NO;
				ENABLE_RESOURCE_ACCESS_CONTACTS = NO;
				ENABLE_RESOURCE_ACCESS_LOCATION = NO;
				ENABLE_RESOURCE_ACCESS_PHOTO_LIBRARY = YES;
				ENABLE_RESOURCE_ACCESS_PRINTING = NO;
				ENABLE_RESOURCE_ACCESS_USB = NO;
				ENABLE_USER_SCRIPT_SANDBOXING = NO;
				GENERATE_INFOPLIST_FILE = YES;
				INFOPLIST_FILE = "Maple-Info.plist";
				INFOPLIST_KEY_CFBundleDisplayName = "Maple Exposure";
				INFOPLIST_KEY_ITSAppUsesNonExemptEncryption = NO;
				INFOPLIST_KEY_LSApplicationCategoryType = "public.app-category.photography";
				INFOPLIST_KEY_NSBonjourServices = _smb._tcp;
				INFOPLIST_KEY_NSHighResolutionCapable = YES;
				INFOPLIST_KEY_NSHumanReadableCopyright = "Copyright (c) 2026 Just Maple. All rights reserved.";
				INFOPLIST_KEY_NSLocalNetworkUsageDescription = "Maple connects to SMB servers on your local network to access RAW files.";
				INFOPLIST_KEY_NSPhotoLibraryAddUsageDescription = "Maple can save edited photos back to your library.";
				INFOPLIST_KEY_NSPhotoLibraryUsageDescription = "Maple needs access to your photo library to import RAW files.";
				INFOPLIST_KEY_UIAppFonts = (
					"Lato-Regular.ttf",
					"Lato-Bold.ttf",
					"Merriweather-Bold.ttf",
				);
				INFOPLIST_KEY_UIApplicationSceneManifest_Generation = YES;
				"INFOPLIST_KEY_UILaunchStoryboardName[sdk=iphone*]" = LaunchScreen;
				INFOPLIST_KEY_UIRequiresFullScreen = NO;
				INFOPLIST_KEY_UISupportedInterfaceOrientations_iPad = "UIInterfaceOrientationPortrait UIInterfaceOrientationPortraitUpsideDown UIInterfaceOrientationLandscapeLeft UIInterfaceOrientationLandscapeRight";
				INFOPLIST_KEY_UISupportedInterfaceOrientations_iPhone = "UIInterfaceOrientationPortrait UIInterfaceOrientationLandscapeLeft UIInterfaceOrientationLandscapeRight";
				IPHONEOS_DEPLOYMENT_TARGET = 26.0;
				LD_RUNPATH_SEARCH_PATHS = (
					"$(inherited)",
					"@executable_path/Frameworks",
					"@loader_path/Frameworks",
				);
				"LD_RUNPATH_SEARCH_PATHS[sdk=macosx*]" = (
					"$(inherited)",
					"@executable_path/../Frameworks",
					"@loader_path/Frameworks",
				);
				MACOSX_DEPLOYMENT_TARGET = 14.0;
				MARKETING_VERSION = 0.1.0;
				PRODUCT_BUNDLE_IDENTIFIER = app.justmaple.aperture;
				PRODUCT_NAME = "Maple Exposure";
				PROVISIONING_PROFILE_SPECIFIER = "";
				RUNTIME_EXCEPTION_ALLOW_DYLD_ENVIRONMENT_VARIABLES = NO;
				RUNTIME_EXCEPTION_ALLOW_JIT = NO;
				RUNTIME_EXCEPTION_ALLOW_UNSIGNED_EXECUTABLE_MEMORY = NO;
				RUNTIME_EXCEPTION_DEBUGGING_TOOL = NO;
				RUNTIME_EXCEPTION_DISABLE_EXECUTABLE_PAGE_PROTECTION = NO;
				RUNTIME_EXCEPTION_DISABLE_LIBRARY_VALIDATION = NO;
				SUPPORTED_PLATFORMS = "iphoneos iphonesimulator macosx";
				SUPPORTS_MACCATALYST = NO;
				SUPPORTS_MAC_DESIGNED_FOR_IPHONE_IPAD = NO;
				SWIFT_EMIT_LOC_STRINGS = YES;
				SWIFT_VERSION = 5.10;
				TARGETED_DEVICE_FAMILY = "1,2";
			};
			name = Release;
		};
		A1F0002100000000000000A1 /* Debug */ = {
			isa = XCBuildConfiguration;
			buildSettings = {
				BUNDLE_LOADER = "$(TEST_HOST)";
				CODE_SIGN_STYLE = Automatic;
				CURRENT_PROJECT_VERSION = 1;
				DEVELOPMENT_TEAM = QREP66JW5U;
				GENERATE_INFOPLIST_FILE = YES;
				IPHONEOS_DEPLOYMENT_TARGET = 26.0;
				MACOSX_DEPLOYMENT_TARGET = 14.0;
				MARKETING_VERSION = 1.0;
				PRODUCT_BUNDLE_IDENTIFIER = app.justmaple.aperture.Tests;
				PRODUCT_NAME = "$(TARGET_NAME)";
				SUPPORTED_PLATFORMS = "iphoneos iphonesimulator macosx";
				SUPPORTS_MACCATALYST = NO;
				SUPPORTS_MAC_DESIGNED_FOR_IPHONE_IPAD = NO;
				SWIFT_EMIT_LOC_STRINGS = NO;
				SWIFT_VERSION = 5.10;
				TARGETED_DEVICE_FAMILY = "1,2";
				TEST_HOST = "$(BUILT_PRODUCTS_DIR)/Maple Exposure.app/$(BUNDLE_EXECUTABLE_FOLDER_PATH)/Maple Exposure";
			};
			name = Debug;
		};
		A1F0002200000000000000A1 /* Release */ = {
			isa = XCBuildConfiguration;
			buildSettings = {
				BUNDLE_LOADER = "$(TEST_HOST)";
				CODE_SIGN_STYLE = Automatic;
				CURRENT_PROJECT_VERSION = 1;
				DEVELOPMENT_TEAM = QREP66JW5U;
				GENERATE_INFOPLIST_FILE = YES;
				IPHONEOS_DEPLOYMENT_TARGET = 26.0;
				MACOSX_DEPLOYMENT_TARGET = 14.0;
				MARKETING_VERSION = 1.0;
				PRODUCT_BUNDLE_IDENTIFIER = app.justmaple.aperture.Tests;
				PRODUCT_NAME = "$(TARGET_NAME)";
				SUPPORTED_PLATFORMS = "iphoneos iphonesimulator macosx";
				SUPPORTS_MACCATALYST = NO;
				SUPPORTS_MAC_DESIGNED_FOR_IPHONE_IPAD = NO;
				SWIFT_EMIT_LOC_STRINGS = NO;
				SWIFT_VERSION = 5.10;
				TARGETED_DEVICE_FAMILY = "1,2";
				TEST_HOST = "$(BUILT_PRODUCTS_DIR)/Maple Exposure.app/$(BUNDLE_EXECUTABLE_FOLDER_PATH)/Maple Exposure";
			};
			name = Release;
		};
		A1F0006700000000000000A1 /* Debug */ = {
			isa = XCBuildConfiguration;
			buildSettings = {
				CODE_SIGN_STYLE = Automatic;
				CURRENT_PROJECT_VERSION = 1;
				DEVELOPMENT_TEAM = QREP66JW5U;
				GENERATE_INFOPLIST_FILE = YES;
				IPHONEOS_DEPLOYMENT_TARGET = 26.0;
				MACOSX_DEPLOYMENT_TARGET = 14.0;
				MARKETING_VERSION = 1.0;
				OTHER_LDFLAGS = "-lc++";
				PRODUCT_BUNDLE_IDENTIFIER = app.justmaple.aperture.UITests;
				PRODUCT_NAME = "$(TARGET_NAME)";
				SUPPORTED_PLATFORMS = "iphoneos iphonesimulator macosx";
				SUPPORTS_MACCATALYST = NO;
				SUPPORTS_MAC_DESIGNED_FOR_IPHONE_IPAD = NO;
				SWIFT_EMIT_LOC_STRINGS = NO;
				SWIFT_VERSION = 5.10;
				TARGETED_DEVICE_FAMILY = "1,2";
				TEST_TARGET_NAME = "Maple Exposure";
			};
			name = Debug;
		};
		A1F0006800000000000000A1 /* Release */ = {
			isa = XCBuildConfiguration;
			buildSettings = {
				CODE_SIGN_STYLE = Automatic;
				CURRENT_PROJECT_VERSION = 1;
				DEVELOPMENT_TEAM = QREP66JW5U;
				GENERATE_INFOPLIST_FILE = YES;
				IPHONEOS_DEPLOYMENT_TARGET = 26.0;
				MACOSX_DEPLOYMENT_TARGET = 14.0;
				MARKETING_VERSION = 1.0;
				OTHER_LDFLAGS = "-lc++";
				PRODUCT_BUNDLE_IDENTIFIER = app.justmaple.aperture.UITests;
				PRODUCT_NAME = "$(TARGET_NAME)";
				SUPPORTED_PLATFORMS = "iphoneos iphonesimulator macosx";
				SUPPORTS_MACCATALYST = NO;
				SUPPORTS_MAC_DESIGNED_FOR_IPHONE_IPAD = NO;
				SWIFT_EMIT_LOC_STRINGS = NO;
				SWIFT_VERSION = 5.10;
				TARGETED_DEVICE_FAMILY = "1,2";
				TEST_TARGET_NAME = "Maple Exposure";
			};
			name = Release;
		};
		D9B53BCD0622186B6A3981B4 /* Release */ = {
			isa = XCBuildConfiguration;
			buildSettings = {
				CODE_SIGN_ENTITLEMENTS = MapleFileProvider/MapleFileProvider.entitlements;
				"CODE_SIGN_IDENTITY[sdk=macosx*]" = "Apple Development";
				CODE_SIGN_STYLE = Automatic;
				CURRENT_PROJECT_VERSION = 1;
				DEVELOPMENT_TEAM = QREP66JW5U;
				ENABLE_HARDENED_RUNTIME = YES;
				GENERATE_INFOPLIST_FILE = NO;
				INFOPLIST_FILE = MapleFileProvider/Info.plist;
				INFOPLIST_KEY_CFBundleDisplayName = "Maple Exposure";
				LD_RUNPATH_SEARCH_PATHS = (
					"$(inherited)",
					"@executable_path/../../../../Frameworks",
					"@executable_path/../../Frameworks",
				);
				MACOSX_DEPLOYMENT_TARGET = 14.0;
				MARKETING_VERSION = 0.1.0;
				PRODUCT_BUNDLE_IDENTIFIER = app.justmaple.aperture.FileProvider;
				PRODUCT_NAME = MapleFileProvider;
				SDKROOT = macosx;
				SKIP_INSTALL = YES;
				SUPPORTED_PLATFORMS = macosx;
				SWIFT_VERSION = 5.0;
			};
			name = Release;
		};
		E3DD94872FB50E55009392B4 /* Debug */ = {
			isa = XCBuildConfiguration;
			buildSettings = {
				CODE_SIGN_ENTITLEMENTS = MapleBackupAgent/MapleBackupAgent.entitlements;
				CODE_SIGN_STYLE = Automatic;
				DEVELOPMENT_TEAM = QREP66JW5U;
				ENABLE_HARDENED_RUNTIME = YES;
				INFOPLIST_KEY_BGTaskSchedulerPermittedIdentifiers = app.justmaple.aperture.backup.refresh;
				INFOPLIST_KEY_UIBackgroundModes = "fetch processing";
				MACOSX_DEPLOYMENT_TARGET = 14.0;
				PRODUCT_NAME = "$(TARGET_NAME)";
				SDKROOT = macosx;
				SWIFT_APPROACHABLE_CONCURRENCY = YES;
				SWIFT_UPCOMING_FEATURE_MEMBER_IMPORT_VISIBILITY = YES;
				SWIFT_VERSION = 5.0;
			};
			name = Debug;
		};
		E3DD94882FB50E55009392B4 /* Release */ = {
			isa = XCBuildConfiguration;
			buildSettings = {
				CODE_SIGN_ENTITLEMENTS = MapleBackupAgent/MapleBackupAgent.entitlements;
				CODE_SIGN_STYLE = Automatic;
				DEVELOPMENT_TEAM = QREP66JW5U;
				ENABLE_HARDENED_RUNTIME = YES;
				INFOPLIST_KEY_BGTaskSchedulerPermittedIdentifiers = app.justmaple.aperture.backup.refresh;
				INFOPLIST_KEY_UIBackgroundModes = "fetch processing";
				MACOSX_DEPLOYMENT_TARGET = 14.0;
				PRODUCT_NAME = "$(TARGET_NAME)";
				SDKROOT = macosx;
				SWIFT_APPROACHABLE_CONCURRENCY = YES;
				SWIFT_UPCOMING_FEATURE_MEMBER_IMPORT_VISIBILITY = YES;
				SWIFT_VERSION = 5.0;
			};
			name = Release;
		};
/* End XCBuildConfiguration section */

/* Begin XCConfigurationList section */
		7360BCA2598FCC1F859CA515 /* Build configuration list for PBXNativeTarget "MapleFileProviderIOS" */ = {
			isa = XCConfigurationList;
			buildConfigurations = (
				05E3343BCA7A720B4BFAC48E /* Release */,
				9D94FE34EA23DCDA6B91A786 /* Debug */,
			);
			defaultConfigurationIsVisible = 0;
			defaultConfigurationName = Release;
		};
		A0DAB2E76822C2BA4A28F418 /* Build configuration list for PBXNativeTarget "MapleQuickLook" */ = {
			isa = XCConfigurationList;
			buildConfigurations = (
				7562456F5672DBBF3AD7ECCD /* Release */,
				6EA36B87E5E982D2A8841913 /* Debug */,
			);
			defaultConfigurationIsVisible = 0;
			defaultConfigurationName = Release;
		};
		A1F0001100000000000000A1 /* Build configuration list for PBXNativeTarget "Maple Exposure" */ = {
			isa = XCConfigurationList;
			buildConfigurations = (
				A1F0001F00000000000000A1 /* Debug */,
				A1F0002000000000000000A1 /* Release */,
			);
			defaultConfigurationIsVisible = 0;
			defaultConfigurationName = Release;
		};
		A1F0001500000000000000A1 /* Build configuration list for PBXNativeTarget "MapleTests" */ = {
			isa = XCConfigurationList;
			buildConfigurations = (
				A1F0002100000000000000A1 /* Debug */,
				A1F0002200000000000000A1 /* Release */,
			);
			defaultConfigurationIsVisible = 0;
			defaultConfigurationName = Release;
		};
		A1F0001B00000000000000A1 /* Build configuration list for PBXProject "Maple" */ = {
			isa = XCConfigurationList;
			buildConfigurations = (
				A1F0001D00000000000000A1 /* Debug */,
				A1F0001E00000000000000A1 /* Release */,
			);
			defaultConfigurationIsVisible = 0;
			defaultConfigurationName = Release;
		};
		A1F0006600000000000000A1 /* Build configuration list for PBXNativeTarget "MapleUITests" */ = {
			isa = XCConfigurationList;
			buildConfigurations = (
				A1F0006700000000000000A1 /* Debug */,
				A1F0006800000000000000A1 /* Release */,
			);
			defaultConfigurationIsVisible = 0;
			defaultConfigurationName = Release;
		};
		B5BD3C159922E18EF6677E96 /* Build configuration list for PBXNativeTarget "MapleFileProvider" */ = {
			isa = XCConfigurationList;
			buildConfigurations = (
				D9B53BCD0622186B6A3981B4 /* Release */,
				2BCB4C79E07F4EE2F790D52D /* Debug */,
			);
			defaultConfigurationIsVisible = 0;
			defaultConfigurationName = Release;
		};
		E3DD94892FB50E55009392B4 /* Build configuration list for PBXNativeTarget "MapleBackupAgent" */ = {
			isa = XCConfigurationList;
			buildConfigurations = (
				E3DD94872FB50E55009392B4 /* Debug */,
				E3DD94882FB50E55009392B4 /* Release */,
			);
			defaultConfigurationIsVisible = 0;
			defaultConfigurationName = Release;
		};
/* End XCConfigurationList section */

/* Begin XCLocalSwiftPackageReference section */
		A1F0001C00000000000000A1 /* XCLocalSwiftPackageReference "Packages/MapleCore" */ = {
			isa = XCLocalSwiftPackageReference;
			relativePath = Packages/MapleCore;
		};
		E3DD948C2FB51A67009392B4 /* XCLocalSwiftPackageReference "Packages/MapleBackup" */ = {
			isa = XCLocalSwiftPackageReference;
			relativePath = Packages/MapleBackup;
		};
/* End XCLocalSwiftPackageReference section */

/* Begin XCSwiftPackageProductDependency section */
		07D7B596343161F1A66BD85A /* MapleCore */ = {
			isa = XCSwiftPackageProductDependency;
			package = A1F0001C00000000000000A1 /* XCLocalSwiftPackageReference "Packages/MapleCore" */;
			productName = MapleCore;
		};
		A1F0000200000000000000A1 /* MapleCore */ = {
			isa = XCSwiftPackageProductDependency;
			productName = MapleCore;
		};
		AD2BAC138F82299C19BFC9C5 /* MapleCore */ = {
			isa = XCSwiftPackageProductDependency;
			package = A1F0001C00000000000000A1 /* XCLocalSwiftPackageReference "Packages/MapleCore" */;
			productName = MapleCore;
		};
		E3DD948A2FB50EB9009392B4 /* MapleCore */ = {
			isa = XCSwiftPackageProductDependency;
			package = A1F0001C00000000000000A1 /* XCLocalSwiftPackageReference "Packages/MapleCore" */;
			productName = MapleCore;
		};
		E3DD948D2FB51A67009392B4 /* MapleBackup */ = {
			isa = XCSwiftPackageProductDependency;
			package = E3DD948C2FB51A67009392B4 /* XCLocalSwiftPackageReference "Packages/MapleBackup" */;
			productName = MapleBackup;
		};
		E3DD948F2FB55723009392B4 /* MapleBackup */ = {
			isa = XCSwiftPackageProductDependency;
			package = E3DD948C2FB51A67009392B4 /* XCLocalSwiftPackageReference "Packages/MapleBackup" */;
			productName = MapleBackup;
		};
		F06000F4EB1B951071886262 /* MapleCore */ = {
			isa = XCSwiftPackageProductDependency;
			package = A1F0001C00000000000000A1 /* XCLocalSwiftPackageReference "Packages/MapleCore" */;
			productName = MapleCore;
		};
/* End XCSwiftPackageProductDependency section */
	};
	rootObject = A1F0001A00000000000000A1 /* Project object */;
}
