// !$*UTF8*$!
{
	archiveVersion = 1;
	classes = {
	};
	objectVersion = 77;
	objects = {

/* Begin PBXBuildFile section */
		A1F0000100000000000000A1 /* MapleCore in Frameworks */ = {isa = PBXBuildFile; productRef = A1F0000200000000000000A1 /* MapleCore */; };
		A1F0000300000000000000A1 /* RawPipeline.xcframework in Frameworks */ = {isa = PBXBuildFile; fileRef = A1F0000400000000000000A1 /* RawPipeline.xcframework */; };
		E3DD948B2FB50EB9009392B4 /* MapleCore in Frameworks */ = {isa = PBXBuildFile; productRef = E3DD948A2FB50EB9009392B4 /* MapleCore */; };
		E3DD948E2FB51A67009392B4 /* MapleBackup in Frameworks */ = {isa = PBXBuildFile; productRef = E3DD948D2FB51A67009392B4 /* MapleBackup */; };
		E3DD94902FB55723009392B4 /* MapleBackup in Frameworks */ = {isa = PBXBuildFile; productRef = E3DD948F2FB55723009392B4 /* MapleBackup */; };
/* End PBXBuildFile section */

/* Begin PBXContainerItemProxy section */
		A1F0006900000000000000A1 /* PBXContainerItemProxy */ = {
			isa = PBXContainerItemProxy;
			containerPortal = A1F0001A00000000000000A1 /* Project object */;
			proxyType = 1;
			remoteGlobalIDString = A1F0001000000000000000A1;
			remoteInfo = Maple;
		};
		E378533E2F9AC54F00BDF307 /* PBXContainerItemProxy */ = {
			isa = PBXContainerItemProxy;
			containerPortal = A1F0001A00000000000000A1 /* Project object */;
			proxyType = 1;
			remoteGlobalIDString = A1F0001000000000000000A1;
			remoteInfo = Maple;
		};
/* End PBXContainerItemProxy section */

/* Begin PBXCopyFilesBuildPhase section */
		E3DD94812FB50E55009392B4 /* CopyFiles */ = {
			isa = PBXCopyFilesBuildPhase;
			buildActionMask = 2147483647;
			dstPath = /usr/share/man/man1/;
			dstSubfolderSpec = 0;
			files = (
			);
			runOnlyForDeploymentPostprocessing = 1;
		};
/* End PBXCopyFilesBuildPhase section */

/* Begin PBXFileReference section */
		A1F0000400000000000000A1 /* RawPipeline.xcframework */ = {isa = PBXFileReference; lastKnownFileType = wrapper.xcframework; name = RawPipeline.xcframework; path = Frameworks/RawPipeline.xcframework; sourceTree = "<group>"; };
		A1F0000700000000000000A1 /* Maple: Aperture.app */ = {isa = PBXFileReference; explicitFileType = wrapper.application; includeInIndex = 0; path = "Maple: Aperture.app"; sourceTree = BUILT_PRODUCTS_DIR; };
		A1F0000800000000000000A1 /* MapleTests.xctest */ = {isa = PBXFileReference; explicitFileType = wrapper.cfbundle; includeInIndex = 0; path = MapleTests.xctest; sourceTree = BUILT_PRODUCTS_DIR; };
		A1F0006000000000000000A1 /* MapleUITests.xctest */ = {isa = PBXFileReference; explicitFileType = wrapper.cfbundle; includeInIndex = 0; path = MapleUITests.xctest; sourceTree = BUILT_PRODUCTS_DIR; };
		E3DD94832FB50E55009392B4 /* MapleBackupAgent */ = {isa = PBXFileReference; explicitFileType = "compiled.mach-o.executable"; includeInIndex = 0; path = MapleBackupAgent; sourceTree = BUILT_PRODUCTS_DIR; };
/* End PBXFileReference section */

/* Begin PBXFileSystemSynchronizedRootGroup section */
		A1F0000900000000000000A1 /* Maple */ = {
			isa = PBXFileSystemSynchronizedRootGroup;
			path = Maple;
			sourceTree = "<group>";
		};
		A1F0006100000000000000A1 /* MapleUITests */ = {
			isa = PBXFileSystemSynchronizedRootGroup;
			path = MapleUITests;
			sourceTree = "<group>";
		};
		A1F0006B00000000000000A1 /* MapleTests */ = {
			isa = PBXFileSystemSynchronizedRootGroup;
			path = MapleTests;
			sourceTree = "<group>";
		};
		E3DD94842FB50E55009392B4 /* MapleBackupAgent */ = {
			isa = PBXFileSystemSynchronizedRootGroup;
			path = MapleBackupAgent;
			sourceTree = "<group>";
		};
/* End PBXFileSystemSynchronizedRootGroup section */

/* Begin PBXFrameworksBuildPhase section */
		A1F0000A00000000000000A1 /* Frameworks */ = {
			isa = PBXFrameworksBuildPhase;
			buildActionMask = 2147483647;
			files = (
				E3DD94902FB55723009392B4 /* MapleBackup in Frameworks */,
				A1F0000300000000000000A1 /* RawPipeline.xcframework in Frameworks */,
				A1F0000100000000000000A1 /* MapleCore in Frameworks */,
			);
			runOnlyForDeploymentPostprocessing = 0;
		};
		A1F0000B00000000000000A1 /* Frameworks */ = {
			isa = PBXFrameworksBuildPhase;
			buildActionMask = 2147483647;
			files = (
			);
			runOnlyForDeploymentPostprocessing = 0;
		};
		A1F0006200000000000000A1 /* Frameworks */ = {
			isa = PBXFrameworksBuildPhase;
			buildActionMask = 2147483647;
			files = (
			);
			runOnlyForDeploymentPostprocessing = 0;
		};
		E3DD94802FB50E55009392B4 /* Frameworks */ = {
			isa = PBXFrameworksBuildPhase;
			buildActionMask = 2147483647;
			files = (
				E3DD948E2FB51A67009392B4 /* MapleBackup in Frameworks */,
				E3DD948B2FB50EB9009392B4 /* MapleCore in Frameworks */,
			);
			runOnlyForDeploymentPostprocessing = 0;
		};
/* End PBXFrameworksBuildPhase section */

/* Begin PBXGroup section */
		A1F0000C00000000000000A1 = {
			isa = PBXGroup;
			children = (
				A1F0000900000000000000A1 /* Maple */,
				A1F0000D00000000000000A1 /* Packages */,
				E3DD94842FB50E55009392B4 /* MapleBackupAgent */,
				A1F0000E00000000000000A1 /* Frameworks */,
				A1F0000F00000000000000A1 /* Products */,
				E3FF1B052F9D8CE600FD7E5E /* Recovered References */,
			);
			sourceTree = "<group>";
		};
		A1F0000D00000000000000A1 /* Packages */ = {
			isa = PBXGroup;
			children = (
			);
			path = Packages;
			sourceTree = "<group>";
		};
		A1F0000E00000000000000A1 /* Frameworks */ = {
			isa = PBXGroup;
			children = (
				A1F0000400000000000000A1 /* RawPipeline.xcframework */,
			);
			name = Frameworks;
			sourceTree = "<group>";
		};
		A1F0000F00000000000000A1 /* Products */ = {
			isa = PBXGroup;
			children = (
				A1F0000700000000000000A1 /* Maple: Aperture.app */,
				A1F0000800000000000000A1 /* MapleTests.xctest */,
				A1F0006000000000000000A1 /* MapleUITests.xctest */,
				E3DD94832FB50E55009392B4 /* MapleBackupAgent */,
			);
			name = Products;
			sourceTree = "<group>";
		};
		E3FF1B052F9D8CE600FD7E5E /* Recovered References */ = {
			isa = PBXGroup;
			children = (
				A1F0006B00000000000000A1 /* MapleTests */,
				A1F0006100000000000000A1 /* MapleUITests */,
			);
			name = "Recovered References";
			sourceTree = "<group>";
		};
/* End PBXGroup section */

/* Begin PBXNativeTarget section */
		A1F0001000000000000000A1 /* Maple */ = {
			isa = PBXNativeTarget;
			buildConfigurationList = A1F0001100000000000000A1 /* Build configuration list for PBXNativeTarget "Maple" */;
			buildPhases = (
				A1F0005100000000000000A1 /* Build Rust xcframework */,
				A1F0005000000000000000A1 /* Clean test fixtures */,
				A1F0001200000000000000A1 /* Sources */,
				A1F0000A00000000000000A1 /* Frameworks */,
				A1F0001300000000000000A1 /* Resources */,
			);
			buildRules = (
			);
			dependencies = (
			);
			fileSystemSynchronizedGroups = (
				A1F0000900000000000000A1 /* Maple */,
			);
			name = Maple;
			packageProductDependencies = (
				A1F0000200000000000000A1 /* MapleCore */,
				E3DD948F2FB55723009392B4 /* MapleBackup */,
			);
			productName = Maple;
			productReference = A1F0000700000000000000A1 /* Maple: Aperture.app */;
			productType = "com.apple.product-type.application";
		};
		A1F0001400000000000000A1 /* MapleTests */ = {
			isa = PBXNativeTarget;
			buildConfigurationList = A1F0001500000000000000A1 /* Build configuration list for PBXNativeTarget "MapleTests" */;
			buildPhases = (
				A1F0001600000000000000A1 /* Sources */,
				A1F0000B00000000000000A1 /* Frameworks */,
				A1F0001700000000000000A1 /* Resources */,
			);
			buildRules = (
			);
			dependencies = (
				A1F0001800000000000000A1 /* PBXTargetDependency */,
			);
			fileSystemSynchronizedGroups = (
				A1F0006B00000000000000A1 /* MapleTests */,
			);
			name = MapleTests;
			packageProductDependencies = (
			);
			productName = MapleTests;
			productReference = A1F0000800000000000000A1 /* MapleTests.xctest */;
			productType = "com.apple.product-type.bundle.unit-test";
		};
		A1F0006500000000000000A1 /* MapleUITests */ = {
			isa = PBXNativeTarget;
			buildConfigurationList = A1F0006600000000000000A1 /* Build configuration list for PBXNativeTarget "MapleUITests" */;
			buildPhases = (
				A1F0006400000000000000A1 /* Sources */,
				A1F0006200000000000000A1 /* Frameworks */,
				A1F0006300000000000000A1 /* Resources */,
			);
			buildRules = (
			);
			dependencies = (
				A1F0006A00000000000000A1 /* PBXTargetDependency */,
			);
			fileSystemSynchronizedGroups = (
				A1F0006100000000000000A1 /* MapleUITests */,
			);
			name = MapleUITests;
			packageProductDependencies = (
			);
			productName = MapleUITests;
			productReference = A1F0006000000000000000A1 /* MapleUITests.xctest */;
			productType = "com.apple.product-type.bundle.ui-testing";
		};
		E3DD94822FB50E55009392B4 /* MapleBackupAgent */ = {
			isa = PBXNativeTarget;
			buildConfigurationList = E3DD94892FB50E55009392B4 /* Build configuration list for PBXNativeTarget "MapleBackupAgent" */;
			buildPhases = (
				E3DD947F2FB50E55009392B4 /* Sources */,
				E3DD94802FB50E55009392B4 /* Frameworks */,
				E3DD94812FB50E55009392B4 /* CopyFiles */,
			);
			buildRules = (
			);
			dependencies = (
			);
			fileSystemSynchronizedGroups = (
				E3DD94842FB50E55009392B4 /* MapleBackupAgent */,
			);
			name = MapleBackupAgent;
			packageProductDependencies = (
				E3DD948A2FB50EB9009392B4 /* MapleCore */,
				E3DD948D2FB51A67009392B4 /* MapleBackup */,
			);
			productName = MapleBackupAgent;
			productReference = E3DD94832FB50E55009392B4 /* MapleBackupAgent */;
			productType = "com.apple.product-type.tool";
		};
/* End PBXNativeTarget section */

/* Begin PBXProject section */
		A1F0001A00000000000000A1 /* Project object */ = {
			isa = PBXProject;
			attributes = {
				BuildIndependentTargetsInParallel = 1;
				LastSwiftUpdateCheck = 2640;
				LastUpgradeCheck = 1600;
				TargetAttributes = {
					A1F0001000000000000000A1 = {
						CreatedOnToolsVersion = 16.0;
					};
					A1F0001400000000000000A1 = {
						CreatedOnToolsVersion = 16.0;
						TestTargetID = A1F0001000000000000000A1;
					};
					A1F0006500000000000000A1 = {
						CreatedOnToolsVersion = 16.0;
						TestTargetID = A1F0001000000000000000A1;
					};
					E3DD94822FB50E55009392B4 = {
						CreatedOnToolsVersion = 26.4;
					};
				};
			};
			buildConfigurationList = A1F0001B00000000000000A1 /* Build configuration list for PBXProject "Maple" */;
			developmentRegion = en;
			hasScannedForEncodings = 0;
			knownRegions = (
				en,
				Base,
			);
			mainGroup = A1F0000C00000000000000A1;
			minimizedProjectReferenceProxies = 1;
			packageReferences = (
				A1F0001C00000000000000A1 /* XCLocalSwiftPackageReference "Packages/MapleCore" */,
				E3DD948C2FB51A67009392B4 /* XCLocalSwiftPackageReference "Packages/MapleBackup" */,
			);
			preferredProjectObjectVersion = 77;
			productRefGroup = A1F0000F00000000000000A1 /* Products */;
			projectDirPath = "";
			projectRoot = "";
			targets = (
				A1F0001000000000000000A1 /* Maple */,
				A1F0001400000000000000A1 /* MapleTests */,
				A1F0006500000000000000A1 /* MapleUITests */,
				E3DD94822FB50E55009392B4 /* MapleBackupAgent */,
			);
		};
/* End PBXProject section */

/* Begin PBXResourcesBuildPhase section */
		A1F0001300000000000000A1 /* Resources */ = {
			isa = PBXResourcesBuildPhase;
			buildActionMask = 2147483647;
			files = (
			);
			runOnlyForDeploymentPostprocessing = 0;
		};
		A1F0001700000000000000A1 /* Resources */ = {
			isa = PBXResourcesBuildPhase;
			buildActionMask = 2147483647;
			files = (
			);
			runOnlyForDeploymentPostprocessing = 0;
		};
		A1F0006300000000000000A1 /* Resources */ = {
			isa = PBXResourcesBuildPhase;
			buildActionMask = 2147483647;
			files = (
			);
			runOnlyForDeploymentPostprocessing = 0;
		};
/* End PBXResourcesBuildPhase section */

/* Begin PBXShellScriptBuildPhase section */
		A1F0005000000000000000A1 /* Clean test fixtures */ = {
			isa = PBXShellScriptBuildPhase;
			alwaysOutOfDate = 1;
			buildActionMask = 2147483647;
			files = (
			);
			inputFileListPaths = (
			);
			inputPaths = (
			);
			name = "Clean test fixtures";
			outputFileListPaths = (
			);
			outputPaths = (
			);
			runOnlyForDeploymentPostprocessing = 0;
			shellPath = /bin/sh;
			shellScript = "set -eu\nFIXTURES=\"${SRCROOT}/../../test-fixtures/raws\"\nif [ -d \"$FIXTURES\" ]; then\n  find \"$FIXTURES\" -type d -name .maple -prune -exec rm -rf {} +\n  find \"$FIXTURES\" -type f -name '*.xmp' -delete\nfi\n";
		};
		A1F0005100000000000000A1 /* Build Rust xcframework */ = {
			isa = PBXShellScriptBuildPhase;
			alwaysOutOfDate = 1;
			buildActionMask = 2147483647;
			files = (
			);
			inputFileListPaths = (
			);
			inputPaths = (
			);
			name = "Build Rust xcframework";
			outputFileListPaths = (
			);
			outputPaths = (
			);
			runOnlyForDeploymentPostprocessing = 0;
			shellPath = /bin/sh;
			shellScript = "set -eu\n# build-xcframework.sh internally fast-paths when no Rust source has\n# changed since the last successful build, so this is cheap on no-op builds.\nif [ \"${CONFIGURATION:-}\" = \"Release\" ]; then\n  bash \"${SRCROOT}/scripts/build-xcframework.sh\" --release\nelse\n  bash \"${SRCROOT}/scripts/build-xcframework.sh\"\nfi\n";
		};
/* End PBXShellScriptBuildPhase section */

/* Begin PBXSourcesBuildPhase section */
		A1F0001200000000000000A1 /* Sources */ = {
			isa = PBXSourcesBuildPhase;
			buildActionMask = 2147483647;
			files = (
			);
			runOnlyForDeploymentPostprocessing = 0;
		};
		A1F0001600000000000000A1 /* Sources */ = {
			isa = PBXSourcesBuildPhase;
			buildActionMask = 2147483647;
			files = (
			);
			runOnlyForDeploymentPostprocessing = 0;
		};
		A1F0006400000000000000A1 /* Sources */ = {
			isa = PBXSourcesBuildPhase;
			buildActionMask = 2147483647;
			files = (
			);
			runOnlyForDeploymentPostprocessing = 0;
		};
		E3DD947F2FB50E55009392B4 /* Sources */ = {
			isa = PBXSourcesBuildPhase;
			buildActionMask = 2147483647;
			files = (
			);
			runOnlyForDeploymentPostprocessing = 0;
		};
/* End PBXSourcesBuildPhase section */

/* Begin PBXTargetDependency section */
		A1F0001800000000000000A1 /* PBXTargetDependency */ = {
			isa = PBXTargetDependency;
			target = A1F0001000000000000000A1 /* Maple */;
			targetProxy = E378533E2F9AC54F00BDF307 /* PBXContainerItemProxy */;
		};
		A1F0006A00000000000000A1 /* PBXTargetDependency */ = {
			isa = PBXTargetDependency;
			target = A1F0001000000000000000A1 /* Maple */;
			targetProxy = A1F0006900000000000000A1 /* PBXContainerItemProxy */;
		};
/* End PBXTargetDependency section */

/* Begin XCBuildConfiguration section */
		A1F0001D00000000000000A1 /* Debug */ = {
			isa = XCBuildConfiguration;
			buildSettings = {
				ALWAYS_SEARCH_USER_PATHS = NO;
				ASSETCATALOG_COMPILER_GENERATE_SWIFT_ASSET_SYMBOL_EXTENSIONS = YES;
				CLANG_ANALYZER_NONNULL = YES;
				CLANG_ANALYZER_NUMBER_OBJECT_CONVERSION = YES_AGGRESSIVE;
				CLANG_CXX_LANGUAGE_STANDARD = "gnu++20";
				CLANG_ENABLE_MODULES = YES;
				CLANG_ENABLE_OBJC_ARC = YES;
				CLANG_ENABLE_OBJC_WEAK = YES;
				CLANG_WARN_BLOCK_CAPTURE_AUTORELEASING = YES;
				CLANG_WARN_BOOL_CONVERSION = YES;
				CLANG_WARN_COMMA = YES;
				CLANG_WARN_CONSTANT_CONVERSION = YES;
				CLANG_WARN_DEPRECATED_OBJC_IMPLEMENTATIONS = YES;
				CLANG_WARN_DIRECT_OBJC_ISA_USAGE = YES_ERROR;
				CLANG_WARN_DOCUMENTATION_COMMENTS = YES;
				CLANG_WARN_EMPTY_BODY = YES;
				CLANG_WARN_ENUM_CONVERSION = YES;
				CLANG_WARN_INFINITE_RECURSION = YES;
				CLANG_WARN_INT_CONVERSION = YES;
				CLANG_WARN_NON_LITERAL_NULL_CONVERSION = YES;
				CLANG_WARN_OBJC_IMPLICIT_RETAIN_SELF = YES;
				CLANG_WARN_OBJC_LITERAL_CONVERSION = YES;
				CLANG_WARN_OBJC_ROOT_CLASS = YES_ERROR;
				CLANG_WARN_QUOTED_INCLUDE_IN_FRAMEWORK_HEADER = YES;
				CLANG_WARN_RANGE_LOOP_ANALYSIS = YES;
				CLANG_WARN_STRICT_PROTOTYPES = YES;
				CLANG_WARN_SUSPICIOUS_MOVE = YES;
				CLANG_WARN_UNGUARDED_AVAILABILITY = YES_AGGRESSIVE;
				CLANG_WARN_UNREACHABLE_CODE = YES;
				CLANG_WARN__DUPLICATE_METHOD_MATCH = YES;
				COPY_PHASE_STRIP = NO;
				DEBUG_INFORMATION_FORMAT = dwarf;
				ENABLE_STRICT_OBJC_MSGSEND = YES;
				ENABLE_TESTABILITY = YES;
				ENABLE_USER_SCRIPT_SANDBOXING = YES;
				GCC_C_LANGUAGE_STANDARD = gnu17;
				GCC_DYNAMIC_NO_PIC = NO;
				GCC_NO_COMMON_BLOCKS = YES;
				GCC_OPTIMIZATION_LEVEL = 0;
				GCC_PREPROCESSOR_DEFINITIONS = (
					"DEBUG=1",
					"$(inherited)",
				);
				GCC_WARN_64_TO_32_BIT_CONVERSION = YES;
				GCC_WARN_ABOUT_RETURN_TYPE = YES_ERROR;
				GCC_WARN_UNDECLARED_SELECTOR = YES;
				GCC_WARN_UNINITIALIZED_AUTOS = YES_AGGRESSIVE;
				GCC_WARN_UNUSED_FUNCTION = YES;
				GCC_WARN_UNUSED_VARIABLE = YES;
				IPHONEOS_DEPLOYMENT_TARGET = 17.0;
				LOCALIZATION_PREFERS_STRING_CATALOGS = YES;
				MACOSX_DEPLOYMENT_TARGET = 14.0;
				MTL_ENABLE_DEBUG_INFO = INCLUDE_SOURCE;
				MTL_FAST_MATH = YES;
				ONLY_ACTIVE_ARCH = YES;
				SDKROOT = iphoneos;
				SUPPORTED_PLATFORMS = "iphoneos iphonesimulator macosx";
				SUPPORTS_MACCATALYST = NO;
				SUPPORTS_MAC_DESIGNED_FOR_IPHONE_IPAD = NO;
				SWIFT_ACTIVE_COMPILATION_CONDITIONS = "DEBUG $(inherited)";
				SWIFT_OPTIMIZATION_LEVEL = "-Onone";
				SWIFT_VERSION = 5.10;
			};
			name = Debug;
		};
		A1F0001E00000000000000A1 /* Release */ = {
			isa = XCBuildConfiguration;
			buildSettings = {
				ALWAYS_SEARCH_USER_PATHS = NO;
				ASSETCATALOG_COMPILER_GENERATE_SWIFT_ASSET_SYMBOL_EXTENSIONS = YES;
				CLANG_ANALYZER_NONNULL = YES;
				CLANG_ANALYZER_NUMBER_OBJECT_CONVERSION = YES_AGGRESSIVE;
				CLANG_CXX_LANGUAGE_STANDARD = "gnu++20";
				CLANG_ENABLE_MODULES = YES;
				CLANG_ENABLE_OBJC_ARC = YES;
				CLANG_ENABLE_OBJC_WEAK = YES;
				CLANG_WARN_BLOCK_CAPTURE_AUTORELEASING = YES;
				CLANG_WARN_BOOL_CONVERSION = YES;
				CLANG_WARN_COMMA = YES;
				CLANG_WARN_CONSTANT_CONVERSION = YES;
				CLANG_WARN_DEPRECATED_OBJC_IMPLEMENTATIONS = YES;
				CLANG_WARN_DIRECT_OBJC_ISA_USAGE = YES_ERROR;
				CLANG_WARN_DOCUMENTATION_COMMENTS = YES;
				CLANG_WARN_EMPTY_BODY = YES;
				CLANG_WARN_ENUM_CONVERSION = YES;
				CLANG_WARN_INFINITE_RECURSION = YES;
				CLANG_WARN_INT_CONVERSION = YES;
				CLANG_WARN_NON_LITERAL_NULL_CONVERSION = YES;
				CLANG_WARN_OBJC_IMPLICIT_RETAIN_SELF = YES;
				CLANG_WARN_OBJC_LITERAL_CONVERSION = YES;
				CLANG_WARN_OBJC_ROOT_CLASS = YES_ERROR;
				CLANG_WARN_QUOTED_INCLUDE_IN_FRAMEWORK_HEADER = YES;
				CLANG_WARN_RANGE_LOOP_ANALYSIS = YES;
				CLANG_WARN_STRICT_PROTOTYPES = YES;
				CLANG_WARN_SUSPICIOUS_MOVE = YES;
				CLANG_WARN_UNGUARDED_AVAILABILITY = YES_AGGRESSIVE;
				CLANG_WARN_UNREACHABLE_CODE = YES;
				CLANG_WARN__DUPLICATE_METHOD_MATCH = YES;
				COPY_PHASE_STRIP = NO;
				DEBUG_INFORMATION_FORMAT = "dwarf-with-dsym";
				ENABLE_NS_ASSERTIONS = NO;
				ENABLE_STRICT_OBJC_MSGSEND = YES;
				ENABLE_USER_SCRIPT_SANDBOXING = YES;
				GCC_C_LANGUAGE_STANDARD = gnu17;
				GCC_NO_COMMON_BLOCKS = YES;
				GCC_WARN_64_TO_32_BIT_CONVERSION = YES;
				GCC_WARN_ABOUT_RETURN_TYPE = YES_ERROR;
				GCC_WARN_UNDECLARED_SELECTOR = YES;
				GCC_WARN_UNINITIALIZED_AUTOS = YES_AGGRESSIVE;
				GCC_WARN_UNUSED_FUNCTION = YES;
				GCC_WARN_UNUSED_VARIABLE = YES;
				IPHONEOS_DEPLOYMENT_TARGET = 17.0;
				LOCALIZATION_PREFERS_STRING_CATALOGS = YES;
				MACOSX_DEPLOYMENT_TARGET = 14.0;
				MTL_ENABLE_DEBUG_INFO = NO;
				MTL_FAST_MATH = YES;
				SDKROOT = iphoneos;
				SUPPORTED_PLATFORMS = "iphoneos iphonesimulator macosx";
				SUPPORTS_MACCATALYST = NO;
				SUPPORTS_MAC_DESIGNED_FOR_IPHONE_IPAD = NO;
				SWIFT_COMPILATION_MODE = wholemodule;
				SWIFT_VERSION = 5.10;
				VALIDATE_PRODUCT = YES;
			};
			name = Release;
		};
		A1F0001F00000000000000A1 /* Debug */ = {
			isa = XCBuildConfiguration;
			buildSettings = {
				ASSETCATALOG_COMPILER_APPICON_NAME = AppIcon;
				ASSETCATALOG_COMPILER_GLOBAL_ACCENT_COLOR_NAME = AccentColor;
				AUTOMATION_APPLE_EVENTS = NO;
				CODE_SIGN_ENTITLEMENTS = Maple/Maple.entitlements;
				CODE_SIGN_STYLE = Automatic;
				CURRENT_PROJECT_VERSION = 1;
				DEVELOPMENT_TEAM = QREP66JW5U;
				ENABLE_APP_SANDBOX = YES;
				ENABLE_FILE_ACCESS_PICTURE_FOLDER = readwrite;
				ENABLE_HARDENED_RUNTIME = YES;
				ENABLE_INCOMING_NETWORK_CONNECTIONS = NO;
				ENABLE_OUTGOING_NETWORK_CONNECTIONS = NO;
				ENABLE_PREVIEWS = YES;
				ENABLE_RESOURCE_ACCESS_AUDIO_INPUT = NO;
				ENABLE_RESOURCE_ACCESS_BLUETOOTH = NO;
				ENABLE_RESOURCE_ACCESS_CALENDARS = NO;
				ENABLE_RESOURCE_ACCESS_CAMERA = NO;
				ENABLE_RESOURCE_ACCESS_CONTACTS = NO;
				ENABLE_RESOURCE_ACCESS_LOCATION = NO;
				ENABLE_RESOURCE_ACCESS_PHOTO_LIBRARY = YES;
				ENABLE_RESOURCE_ACCESS_PRINTING = NO;
				ENABLE_RESOURCE_ACCESS_USB = NO;
				ENABLE_USER_SCRIPT_SANDBOXING = NO;
				GENERATE_INFOPLIST_FILE = YES;
				INFOPLIST_KEY_CFBundleDisplayName = Maple;
				INFOPLIST_KEY_LSApplicationCategoryType = "public.app-category.photography";
				INFOPLIST_KEY_NSBonjourServices = _smb._tcp;
				INFOPLIST_KEY_NSHighResolutionCapable = YES;
				INFOPLIST_KEY_NSHumanReadableCopyright = "Copyright (c) 2026 Just Maple. All rights reserved.";
				INFOPLIST_KEY_NSLocalNetworkUsageDescription = "Maple connects to SMB servers on your local network to access RAW files.";
				INFOPLIST_KEY_NSPhotoLibraryAddUsageDescription = "Maple can save edited photos back to your library.";
				INFOPLIST_KEY_NSPhotoLibraryUsageDescription = "Maple needs access to your photo library to import RAW files.";
				INFOPLIST_KEY_UIApplicationSceneManifest_Generation = YES;
				INFOPLIST_KEY_UILaunchScreen_Generation = YES;
				INFOPLIST_KEY_UIRequiresFullScreen = NO;
				INFOPLIST_KEY_UISupportedInterfaceOrientations_iPad = "UIInterfaceOrientationPortrait UIInterfaceOrientationPortraitUpsideDown UIInterfaceOrientationLandscapeLeft UIInterfaceOrientationLandscapeRight";
				INFOPLIST_KEY_UISupportedInterfaceOrientations_iPhone = "UIInterfaceOrientationPortrait UIInterfaceOrientationLandscapeLeft UIInterfaceOrientationLandscapeRight";
				IPHONEOS_DEPLOYMENT_TARGET = 17.0;
				LD_RUNPATH_SEARCH_PATHS = (
					"$(inherited)",
					"@executable_path/Frameworks",
					"@loader_path/Frameworks",
				);
				"LD_RUNPATH_SEARCH_PATHS[sdk=macosx*]" = (
					"$(inherited)",
					"@executable_path/../Frameworks",
					"@loader_path/Frameworks",
				);
				MACOSX_DEPLOYMENT_TARGET = 14.0;
				MARKETING_VERSION = 0.1.0;
				PRODUCT_BUNDLE_IDENTIFIER = app.justmaple.aperture;
				PRODUCT_NAME = "Maple: Aperture";
				RUNTIME_EXCEPTION_ALLOW_DYLD_ENVIRONMENT_VARIABLES = NO;
				RUNTIME_EXCEPTION_ALLOW_JIT = NO;
				RUNTIME_EXCEPTION_ALLOW_UNSIGNED_EXECUTABLE_MEMORY = NO;
				RUNTIME_EXCEPTION_DEBUGGING_TOOL = NO;
				RUNTIME_EXCEPTION_DISABLE_EXECUTABLE_PAGE_PROTECTION = NO;
				RUNTIME_EXCEPTION_DISABLE_LIBRARY_VALIDATION = NO;
				SUPPORTED_PLATFORMS = "iphoneos iphonesimulator macosx";
				SUPPORTS_MACCATALYST = NO;
				SUPPORTS_MAC_DESIGNED_FOR_IPHONE_IPAD = NO;
				SWIFT_EMIT_LOC_STRINGS = YES;
				SWIFT_VERSION = 5.10;
				TARGETED_DEVICE_FAMILY = "1,2";
			};
			name = Debug;
		};
		A1F0002000000000000000A1 /* Release */ = {
			isa = XCBuildConfiguration;
			buildSettings = {
				ASSETCATALOG_COMPILER_APPICON_NAME = AppIcon;
				ASSETCATALOG_COMPILER_GLOBAL_ACCENT_COLOR_NAME = AccentColor;
				AUTOMATION_APPLE_EVENTS = NO;
				CODE_SIGN_ENTITLEMENTS = Maple/Maple.entitlements;
				CODE_SIGN_STYLE = Automatic;
				CURRENT_PROJECT_VERSION = 1;
				DEVELOPMENT_TEAM = QREP66JW5U;
				ENABLE_APP_SANDBOX = YES;
				ENABLE_FILE_ACCESS_PICTURE_FOLDER = readwrite;
				ENABLE_HARDENED_RUNTIME = YES;
				ENABLE_INCOMING_NETWORK_CONNECTIONS = NO;
				ENABLE_OUTGOING_NETWORK_CONNECTIONS = NO;
				ENABLE_PREVIEWS = YES;
				ENABLE_RESOURCE_ACCESS_AUDIO_INPUT = NO;
				ENABLE_RESOURCE_ACCESS_BLUETOOTH = NO;
				ENABLE_RESOURCE_ACCESS_CALENDARS = NO;
				ENABLE_RESOURCE_ACCESS_CAMERA = NO;
				ENABLE_RESOURCE_ACCESS_CONTACTS = NO;
				ENABLE_RESOURCE_ACCESS_LOCATION = NO;
				ENABLE_RESOURCE_ACCESS_PHOTO_LIBRARY = YES;
				ENABLE_RESOURCE_ACCESS_PRINTING = NO;
				ENABLE_RESOURCE_ACCESS_USB = NO;
				ENABLE_USER_SCRIPT_SANDBOXING = NO;
				GENERATE_INFOPLIST_FILE = YES;
				INFOPLIST_KEY_CFBundleDisplayName = Maple;
				INFOPLIST_KEY_LSApplicationCategoryType = "public.app-category.photography";
				INFOPLIST_KEY_NSBonjourServices = _smb._tcp;
				INFOPLIST_KEY_NSHighResolutionCapable = YES;
				INFOPLIST_KEY_NSHumanReadableCopyright = "Copyright (c) 2026 Just Maple. All rights reserved.";
				INFOPLIST_KEY_NSLocalNetworkUsageDescription = "Maple connects to SMB servers on your local network to access RAW files.";
				INFOPLIST_KEY_NSPhotoLibraryAddUsageDescription = "Maple can save edited photos back to your library.";
				INFOPLIST_KEY_NSPhotoLibraryUsageDescription = "Maple needs access to your photo library to import RAW files.";
				INFOPLIST_KEY_UIApplicationSceneManifest_Generation = YES;
				INFOPLIST_KEY_UILaunchScreen_Generation = YES;
				INFOPLIST_KEY_UIRequiresFullScreen = NO;
				INFOPLIST_KEY_UISupportedInterfaceOrientations_iPad = "UIInterfaceOrientationPortrait UIInterfaceOrientationPortraitUpsideDown UIInterfaceOrientationLandscapeLeft UIInterfaceOrientationLandscapeRight";
				INFOPLIST_KEY_UISupportedInterfaceOrientations_iPhone = "UIInterfaceOrientationPortrait UIInterfaceOrientationLandscapeLeft UIInterfaceOrientationLandscapeRight";
				IPHONEOS_DEPLOYMENT_TARGET = 17.0;
				LD_RUNPATH_SEARCH_PATHS = (
					"$(inherited)",
					"@executable_path/Frameworks",
					"@loader_path/Frameworks",
				);
				"LD_RUNPATH_SEARCH_PATHS[sdk=macosx*]" = (
					"$(inherited)",
					"@executable_path/../Frameworks",
					"@loader_path/Frameworks",
				);
				MACOSX_DEPLOYMENT_TARGET = 14.0;
				MARKETING_VERSION = 0.1.0;
				PRODUCT_BUNDLE_IDENTIFIER = app.justmaple.aperture;
				PRODUCT_NAME = "Maple: Aperture";
				RUNTIME_EXCEPTION_ALLOW_DYLD_ENVIRONMENT_VARIABLES = NO;
				RUNTIME_EXCEPTION_ALLOW_JIT = NO;
				RUNTIME_EXCEPTION_ALLOW_UNSIGNED_EXECUTABLE_MEMORY = NO;
				RUNTIME_EXCEPTION_DEBUGGING_TOOL = NO;
				RUNTIME_EXCEPTION_DISABLE_EXECUTABLE_PAGE_PROTECTION = NO;
				RUNTIME_EXCEPTION_DISABLE_LIBRARY_VALIDATION = NO;
				SUPPORTED_PLATFORMS = "iphoneos iphonesimulator macosx";
				SUPPORTS_MACCATALYST = NO;
				SUPPORTS_MAC_DESIGNED_FOR_IPHONE_IPAD = NO;
				SWIFT_EMIT_LOC_STRINGS = YES;
				SWIFT_VERSION = 5.10;
				TARGETED_DEVICE_FAMILY = "1,2";
			};
			name = Release;
		};
		A1F0002100000000000000A1 /* Debug */ = {
			isa = XCBuildConfiguration;
			buildSettings = {
				BUNDLE_LOADER = "$(TEST_HOST)";
				CODE_SIGN_STYLE = Automatic;
				CURRENT_PROJECT_VERSION = 1;
				DEVELOPMENT_TEAM = QREP66JW5U;
				GENERATE_INFOPLIST_FILE = YES;
				IPHONEOS_DEPLOYMENT_TARGET = 17.0;
				MACOSX_DEPLOYMENT_TARGET = 14.0;
				MARKETING_VERSION = 1.0;
				PRODUCT_BUNDLE_IDENTIFIER = app.justmaple.aperture.Tests;
				PRODUCT_NAME = "$(TARGET_NAME)";
				SUPPORTED_PLATFORMS = "iphoneos iphonesimulator macosx";
				SUPPORTS_MACCATALYST = NO;
				SUPPORTS_MAC_DESIGNED_FOR_IPHONE_IPAD = NO;
				SWIFT_EMIT_LOC_STRINGS = NO;
				SWIFT_VERSION = 5.10;
				TARGETED_DEVICE_FAMILY = "1,2";
				TEST_HOST = "$(BUILT_PRODUCTS_DIR)/Maple.app/$(BUNDLE_EXECUTABLE_FOLDER_PATH)/Maple";
			};
			name = Debug;
		};
		A1F0002200000000000000A1 /* Release */ = {
			isa = XCBuildConfiguration;
			buildSettings = {
				BUNDLE_LOADER = "$(TEST_HOST)";
				CODE_SIGN_STYLE = Automatic;
				CURRENT_PROJECT_VERSION = 1;
				DEVELOPMENT_TEAM = QREP66JW5U;
				GENERATE_INFOPLIST_FILE = YES;
				IPHONEOS_DEPLOYMENT_TARGET = 17.0;
				MACOSX_DEPLOYMENT_TARGET = 14.0;
				MARKETING_VERSION = 1.0;
				PRODUCT_BUNDLE_IDENTIFIER = app.justmaple.aperture.Tests;
				PRODUCT_NAME = "$(TARGET_NAME)";
				SUPPORTED_PLATFORMS = "iphoneos iphonesimulator macosx";
				SUPPORTS_MACCATALYST = NO;
				SUPPORTS_MAC_DESIGNED_FOR_IPHONE_IPAD = NO;
				SWIFT_EMIT_LOC_STRINGS = NO;
				SWIFT_VERSION = 5.10;
				TARGETED_DEVICE_FAMILY = "1,2";
				TEST_HOST = "$(BUILT_PRODUCTS_DIR)/Maple.app/$(BUNDLE_EXECUTABLE_FOLDER_PATH)/Maple";
			};
			name = Release;
		};
		A1F0006700000000000000A1 /* Debug */ = {
			isa = XCBuildConfiguration;
			buildSettings = {
				CODE_SIGN_STYLE = Automatic;
				CURRENT_PROJECT_VERSION = 1;
				DEVELOPMENT_TEAM = QREP66JW5U;
				GENERATE_INFOPLIST_FILE = YES;
				IPHONEOS_DEPLOYMENT_TARGET = 17.0;
				MACOSX_DEPLOYMENT_TARGET = 14.0;
				MARKETING_VERSION = 1.0;
				PRODUCT_BUNDLE_IDENTIFIER = app.justmaple.aperture.UITests;
				PRODUCT_NAME = "$(TARGET_NAME)";
				SUPPORTED_PLATFORMS = "iphoneos iphonesimulator macosx";
				SUPPORTS_MACCATALYST = NO;
				SUPPORTS_MAC_DESIGNED_FOR_IPHONE_IPAD = NO;
				SWIFT_EMIT_LOC_STRINGS = NO;
				SWIFT_VERSION = 5.10;
				TARGETED_DEVICE_FAMILY = "1,2";
				TEST_TARGET_NAME = Maple;
			};
			name = Debug;
		};
		A1F0006800000000000000A1 /* Release */ = {
			isa = XCBuildConfiguration;
			buildSettings = {
				CODE_SIGN_STYLE = Automatic;
				CURRENT_PROJECT_VERSION = 1;
				DEVELOPMENT_TEAM = QREP66JW5U;
				GENERATE_INFOPLIST_FILE = YES;
				IPHONEOS_DEPLOYMENT_TARGET = 17.0;
				MACOSX_DEPLOYMENT_TARGET = 14.0;
				MARKETING_VERSION = 1.0;
				PRODUCT_BUNDLE_IDENTIFIER = app.justmaple.aperture.UITests;
				PRODUCT_NAME = "$(TARGET_NAME)";
				SUPPORTED_PLATFORMS = "iphoneos iphonesimulator macosx";
				SUPPORTS_MACCATALYST = NO;
				SUPPORTS_MAC_DESIGNED_FOR_IPHONE_IPAD = NO;
				SWIFT_EMIT_LOC_STRINGS = NO;
				SWIFT_VERSION = 5.10;
				TARGETED_DEVICE_FAMILY = "1,2";
				TEST_TARGET_NAME = Maple;
			};
			name = Release;
		};
		E3DD94872FB50E55009392B4 /* Debug */ = {
			isa = XCBuildConfiguration;
			buildSettings = {
				CODE_SIGN_STYLE = Automatic;
				DEVELOPMENT_TEAM = QREP66JW5U;
				ENABLE_HARDENED_RUNTIME = YES;
				INFOPLIST_KEY_BGTaskSchedulerPermittedIdentifiers = app.justmaple.aperture.backup.refresh;
				INFOPLIST_KEY_UIBackgroundModes = "fetch processing";
				MACOSX_DEPLOYMENT_TARGET = 26.4;
				PRODUCT_NAME = "$(TARGET_NAME)";
				SDKROOT = macosx;
				SWIFT_APPROACHABLE_CONCURRENCY = YES;
				SWIFT_UPCOMING_FEATURE_MEMBER_IMPORT_VISIBILITY = YES;
				SWIFT_VERSION = 5.0;
			};
			name = Debug;
		};
		E3DD94882FB50E55009392B4 /* Release */ = {
			isa = XCBuildConfiguration;
			buildSettings = {
				CODE_SIGN_STYLE = Automatic;
				DEVELOPMENT_TEAM = QREP66JW5U;
				ENABLE_HARDENED_RUNTIME = YES;
				INFOPLIST_KEY_BGTaskSchedulerPermittedIdentifiers = app.justmaple.aperture.backup.refresh;
				INFOPLIST_KEY_UIBackgroundModes = "fetch processing";
				MACOSX_DEPLOYMENT_TARGET = 26.4;
				PRODUCT_NAME = "$(TARGET_NAME)";
				SDKROOT = macosx;
				SWIFT_APPROACHABLE_CONCURRENCY = YES;
				SWIFT_UPCOMING_FEATURE_MEMBER_IMPORT_VISIBILITY = YES;
				SWIFT_VERSION = 5.0;
			};
			name = Release;
		};
/* End XCBuildConfiguration section */

/* Begin XCConfigurationList section */
		A1F0001100000000000000A1 /* Build configuration list for PBXNativeTarget "Maple" */ = {
			isa = XCConfigurationList;
			buildConfigurations = (
				A1F0001F00000000000000A1 /* Debug */,
				A1F0002000000000000000A1 /* Release */,
			);
			defaultConfigurationIsVisible = 0;
			defaultConfigurationName = Release;
		};
		A1F0001500000000000000A1 /* Build configuration list for PBXNativeTarget "MapleTests" */ = {
			isa = XCConfigurationList;
			buildConfigurations = (
				A1F0002100000000000000A1 /* Debug */,
				A1F0002200000000000000A1 /* Release */,
			);
			defaultConfigurationIsVisible = 0;
			defaultConfigurationName = Release;
		};
		A1F0001B00000000000000A1 /* Build configuration list for PBXProject "Maple" */ = {
			isa = XCConfigurationList;
			buildConfigurations = (
				A1F0001D00000000000000A1 /* Debug */,
				A1F0001E00000000000000A1 /* Release */,
			);
			defaultConfigurationIsVisible = 0;
			defaultConfigurationName = Release;
		};
		A1F0006600000000000000A1 /* Build configuration list for PBXNativeTarget "MapleUITests" */ = {
			isa = XCConfigurationList;
			buildConfigurations = (
				A1F0006700000000000000A1 /* Debug */,
				A1F0006800000000000000A1 /* Release */,
			);
			defaultConfigurationIsVisible = 0;
			defaultConfigurationName = Release;
		};
		E3DD94892FB50E55009392B4 /* Build configuration list for PBXNativeTarget "MapleBackupAgent" */ = {
			isa = XCConfigurationList;
			buildConfigurations = (
				E3DD94872FB50E55009392B4 /* Debug */,
				E3DD94882FB50E55009392B4 /* Release */,
			);
			defaultConfigurationIsVisible = 0;
			defaultConfigurationName = Release;
		};
/* End XCConfigurationList section */

/* Begin XCLocalSwiftPackageReference section */
		A1F0001C00000000000000A1 /* XCLocalSwiftPackageReference "Packages/MapleCore" */ = {
			isa = XCLocalSwiftPackageReference;
			relativePath = Packages/MapleCore;
		};
		E3DD948C2FB51A67009392B4 /* XCLocalSwiftPackageReference "Packages/MapleBackup" */ = {
			isa = XCLocalSwiftPackageReference;
			relativePath = Packages/MapleBackup;
		};
/* End XCLocalSwiftPackageReference section */

/* Begin XCSwiftPackageProductDependency section */
		A1F0000200000000000000A1 /* MapleCore */ = {
			isa = XCSwiftPackageProductDependency;
			productName = MapleCore;
		};
		E3DD948A2FB50EB9009392B4 /* MapleCore */ = {
			isa = XCSwiftPackageProductDependency;
			package = A1F0001C00000000000000A1 /* XCLocalSwiftPackageReference "Packages/MapleCore" */;
			productName = MapleCore;
		};
		E3DD948D2FB51A67009392B4 /* MapleBackup */ = {
			isa = XCSwiftPackageProductDependency;
			productName = MapleBackup;
		};
		E3DD948F2FB55723009392B4 /* MapleBackup */ = {
			isa = XCSwiftPackageProductDependency;
			package = E3DD948C2FB51A67009392B4 /* XCLocalSwiftPackageReference "Packages/MapleBackup" */;
			productName = MapleBackup;
		};
/* End XCSwiftPackageProductDependency section */
	};
	rootObject = A1F0001A00000000000000A1 /* Project object */;
}
